
Microsoft Visual Studio Solution File, Format Version 12.00
# Visual Studio 15
VisualStudioVersion = 15.0.26124.0
MinimumVisualStudioVersion = 15.0.26124.0
Project("{2150E333-8FDC-42A3-9474-1A3956D46DE8}") = "src", "src", "{F63BD45D-DBFC-4075-A4F9-E0B65BD44C11}"
EndProject
Project("{9A19103F-16F7-4668-BE54-9A1E7A4F7556}") = "Commitments.API", "src\Commitments.API\Commitments.API.csproj", "{8A24CFB4-BDD8-4AC8-94B3-820635B72C52}"
EndProject
Project("{9A19103F-16F7-4668-BE54-9A1E7A4F7556}") = "Commitments.Core", "src\Commitments.Core\Commitments.Core.csproj", "{3397D4B1-9AAF-4053-9CF2-C42F9C39B8FA}"
EndProject
Project("{9A19103F-16F7-4668-BE54-9A1E7A4F7556}") = "Commitments.Infrastructure", "src\Commitments.Infrastructure\Commitments.Infrastructure.csproj", "{F888337A-DDC2-41D6-8261-0DD8FB16D2ED}"
EndProject
Project("{9A19103F-16F7-4668-BE54-9A1E7A4F7556}") = "Commitments.SPA", "src\Commitments.SPA\Commitments.SPA.csproj", "{E3D02CAC-D38F-4ABB-92AD-5B5AD7522189}"
EndProject
Global
	GlobalSection(SolutionConfigurationPlatforms) = preSolution
		Debug|Any CPU = Debug|Any CPU
		Debug|x64 = Debug|x64
		Debug|x86 = Debug|x86
		Release|Any CPU = Release|Any CPU
		Release|x64 = Release|x64
		Release|x86 = Release|x86
	EndGlobalSection
	GlobalSection(ProjectConfigurationPlatforms) = postSolution
		{8A24CFB4-BDD8-4AC8-94B3-820635B72C52}.Debug|Any CPU.ActiveCfg = Debug|Any CPU
		{8A24CFB4-BDD8-4AC8-94B3-820635B72C52}.Debug|Any CPU.Build.0 = Debug|Any CPU
		{8A24CFB4-BDD8-4AC8-94B3-820635B72C52}.Debug|x64.ActiveCfg = Debug|Any CPU
		{8A24CFB4-BDD8-4AC8-94B3-820635B72C52}.Debug|x64.Build.0 = Debug|Any CPU
		{8A24CFB4-BDD8-4AC8-94B3-820635B72C52}.Debug|x86.ActiveCfg = Debug|Any CPU
		{8A24CFB4-BDD8-4AC8-94B3-820635B72C52}.Debug|x86.Build.0 = Debug|Any CPU
		{8A24CFB4-BDD8-4AC8-94B3-820635B72C52}.Release|Any CPU.ActiveCfg = Release|Any CPU
		{8A24CFB4-BDD8-4AC8-94B3-820635B72C52}.Release|Any CPU.Build.0 = Release|Any CPU
		{8A24CFB4-BDD8-4AC8-94B3-820635B72C52}.Release|x64.ActiveCfg = Release|Any CPU
		{8A24CFB4-BDD8-4AC8-94B3-820635B72C52}.Release|x64.Build.0 = Release|Any CPU
		{8A24CFB4-BDD8-4AC8-94B3-820635B72C52}.Release|x86.ActiveCfg = Release|Any CPU
		{8A24CFB4-BDD8-4AC8-94B3-820635B72C52}.Release|x86.Build.0 = Release|Any CPU
		{3397D4B1-9AAF-4053-9CF2-C42F9C39B8FA}.Debug|Any CPU.ActiveCfg = Debug|Any CPU
		{3397D4B1-9AAF-4053-9CF2-C42F9C39B8FA}.Debug|Any CPU.Build.0 = Debug|Any CPU
		{3397D4B1-9AAF-4053-9CF2-C42F9C39B8FA}.Debug|x64.ActiveCfg = Debug|Any CPU
		{3397D4B1-9AAF-4053-9CF2-C42F9C39B8FA}.Debug|x64.Build.0 = Debug|Any CPU
		{3397D4B1-9AAF-4053-9CF2-C42F9C39B8FA}.Debug|x86.ActiveCfg = Debug|Any CPU
		{3397D4B1-9AAF-4053-9CF2-C42F9C39B8FA}.Debug|x86.Build.0 = Debug|Any CPU
		{3397D4B1-9AAF-4053-9CF2-C42F9C39B8FA}.Release|Any CPU.ActiveCfg = Release|Any CPU
		{3397D4B1-9AAF-4053-9CF2-C42F9C39B8FA}.Release|Any CPU.Build.0 = Release|Any CPU
		{3397D4B1-9AAF-4053-9CF2-C42F9C39B8FA}.Release|x64.ActiveCfg = Release|Any CPU
		{3397D4B1-9AAF-4053-9CF2-C42F9C39B8FA}.Release|x64.Build.0 = Release|Any CPU
		{3397D4B1-9AAF-4053-9CF2-C42F9C39B8FA}.Release|x86.ActiveCfg = Release|Any CPU
		{3397D4B1-9AAF-4053-9CF2-C42F9C39B8FA}.Release|x86.Build.0 = Release|Any CPU
		{F888337A-DDC2-41D6-8261-0DD8FB16D2ED}.Debug|Any CPU.ActiveCfg = Debug|Any CPU
		{F888337A-DDC2-41D6-8261-0DD8FB16D2ED}.Debug|Any CPU.Build.0 = Debug|Any CPU
		{F888337A-DDC2-41D6-8261-0DD8FB16D2ED}.Debug|x64.ActiveCfg = Debug|Any CPU
		{F888337A-DDC2-41D6-8261-0DD8FB16D2ED}.Debug|x64.Build.0 = Debug|Any CPU
		{F888337A-DDC2-41D6-8261-0DD8FB16D2ED}.Debug|x86.ActiveCfg = Debug|Any CPU
		{F888337A-DDC2-41D6-8261-0DD8FB16D2ED}.Debug|x86.Build.0 = Debug|Any CPU
		{F888337A-DDC2-41D6-8261-0DD8FB16D2ED}.Release|Any CPU.ActiveCfg = Release|Any CPU
		{F888337A-DDC2-41D6-8261-0DD8FB16D2ED}.Release|Any CPU.Build.0 = Release|Any CPU
		{F888337A-DDC2-41D6-8261-0DD8FB16D2ED}.Release|x64.ActiveCfg = Release|Any CPU
		{F888337A-DDC2-41D6-8261-0DD8FB16D2ED}.Release|x64.Build.0 = Release|Any CPU
		{F888337A-DDC2-41D6-8261-0DD8FB16D2ED}.Release|x86.ActiveCfg = Release|Any CPU
		{F888337A-DDC2-41D6-8261-0DD8FB16D2ED}.Release|x86.Build.0 = Release|Any CPU
		{E3D02CAC-D38F-4ABB-92AD-5B5AD7522189}.Debug|Any CPU.ActiveCfg = Debug|Any CPU
		{E3D02CAC-D38F-4ABB-92AD-5B5AD7522189}.Debug|Any CPU.Build.0 = Debug|Any CPU
		{E3D02CAC-D38F-4ABB-92AD-5B5AD7522189}.Debug|x64.ActiveCfg = Debug|Any CPU
		{E3D02CAC-D38F-4ABB-92AD-5B5AD7522189}.Debug|x64.Build.0 = Debug|Any CPU
		{E3D02CAC-D38F-4ABB-92AD-5B5AD7522189}.Debug|x86.ActiveCfg = Debug|Any CPU
		{E3D02CAC-D38F-4ABB-92AD-5B5AD7522189}.Debug|x86.Build.0 = Debug|Any CPU
		{E3D02CAC-D38F-4ABB-92AD-5B5AD7522189}.Release|Any CPU.ActiveCfg = Release|Any CPU
		{E3D02CAC-D38F-4ABB-92AD-5B5AD7522189}.Release|Any CPU.Build.0 = Release|Any CPU
		{E3D02CAC-D38F-4ABB-92AD-5B5AD7522189}.Release|x64.ActiveCfg = Release|Any CPU
		{E3D02CAC-D38F-4ABB-92AD-5B5AD7522189}.Release|x64.Build.0 = Release|Any CPU
		{E3D02CAC-D38F-4ABB-92AD-5B5AD7522189}.Release|x86.ActiveCfg = Release|Any CPU
		{E3D02CAC-D38F-4ABB-92AD-5B5AD7522189}.Release|x86.Build.0 = Release|Any CPU
	EndGlobalSection
	GlobalSection(SolutionProperties) = preSolution
		HideSolutionNode = FALSE
	EndGlobalSection
	GlobalSection(NestedProjects) = preSolution
		{8A24CFB4-BDD8-4AC8-94B3-820635B72C52} = {F63BD45D-DBFC-4075-A4F9-E0B65BD44C11}
		{3397D4B1-9AAF-4053-9CF2-C42F9C39B8FA} = {F63BD45D-DBFC-4075-A4F9-E0B65BD44C11}
		{F888337A-DDC2-41D6-8261-0DD8FB16D2ED} = {F63BD45D-DBFC-4075-A4F9-E0B65BD44C11}
		{E3D02CAC-D38F-4ABB-92AD-5B5AD7522189} = {F63BD45D-DBFC-4075-A4F9-E0B65BD44C11}
	EndGlobalSection
	GlobalSection(ExtensibilityGlobals) = postSolution
		SolutionGuid = {B483C3D6-EB3F-4DFD-AEE7-93ECADBFEEE9}
	EndGlobalSection
EndGlobal
