
Microsoft Visual Studio Solution File, Format Version 12.00
# Visual Studio Version 17
VisualStudioVersion = 17.5.33402.96
MinimumVisualStudioVersion = 10.0.40219.1
Project("{2150E333-8FDC-42A3-9474-1A3956D46DE8}") = "src", "src", "{F4E808EF-01C4-49BE-83E4-2DE5DF5DBB8D}"
EndProject
Project("{2150E333-8FDC-42A3-9474-1A3956D46DE8}") = "BuildingBlocks", "BuildingBlocks", "{D25C9AAA-4256-43CA-B8CA-92824D787028}"
EndProject
Project("{9A19103F-16F7-4668-BE54-9A1E7A4F7556}") = "Kernel", "src\BuildingBlocks\Kernel\Kernel.csproj", "{58933801-F6B6-48C3-BE34-66110C230582}"
EndProject
Project("{2150E333-8FDC-42A3-9474-1A3956D46DE8}") = "Messaging", "Messaging", "{31DCDDCE-9E1B-4B5D-A7BB-7B99CAFB3A38}"
EndProject
Project("{9A19103F-16F7-4668-BE54-9A1E7A4F7556}") = "Messaging", "src\BuildingBlocks\Messaging\Messaging\Messaging.csproj", "{D71EF3BA-C235-4D3D-81AF-E6C1AEF3B5EE}"
EndProject
Project("{9A19103F-16F7-4668-BE54-9A1E7A4F7556}") = "Messaging.Udp", "src\BuildingBlocks\Messaging\Messaging.Udp\Messaging.Udp.csproj", "{49183400-965E-44A4-8916-3030E1B49C19}"
EndProject
Project("{2150E333-8FDC-42A3-9474-1A3956D46DE8}") = "Security", "Security", "{8D5D3CF9-9410-40B3-B876-DE95B44CECF5}"
EndProject
Project("{9A19103F-16F7-4668-BE54-9A1E7A4F7556}") = "Security", "src\BuildingBlocks\Security\Security\Security.csproj", "{00DAE96D-8185-4ADA-8099-F07C7638FA92}"
EndProject
Project("{2150E333-8FDC-42A3-9474-1A3956D46DE8}") = "Telemetry", "Telemetry", "{075B3490-8417-4472-B3F1-7F57EFE411A7}"
EndProject
Project("{9A19103F-16F7-4668-BE54-9A1E7A4F7556}") = "Telemetry", "src\BuildingBlocks\Telemetry\Telemetry\Telemetry.csproj", "{9C5087AC-17E1-4C1A-8F83-E31438E87728}"
EndProject
Project("{2150E333-8FDC-42A3-9474-1A3956D46DE8}") = "Validation", "Validation", "{C25B07B1-EB9D-4045-94C7-C9C4BB2A3D98}"
EndProject
Project("{9A19103F-16F7-4668-BE54-9A1E7A4F7556}") = "Validation", "src\BuildingBlocks\Validation\Validation\Validation.csproj", "{8151352F-13DC-4F98-AAFF-11C8F3F03092}"
EndProject
Project("{2150E333-8FDC-42A3-9474-1A3956D46DE8}") = "Services", "Services", "{56D28EEA-1EA6-4D53-9666-4706BCC8660F}"
EndProject
Project("{2150E333-8FDC-42A3-9474-1A3956D46DE8}") = "Commitments", "Commitments", "{603E0629-68B9-4E86-82EE-2AA038B680EC}"
EndProject
Project("{9A19103F-16F7-4668-BE54-9A1E7A4F7556}") = "Commitments.Api", "src\Services\Commitments\Commitments.Api\Commitments.Api.csproj", "{0C6F54B1-DC5D-4843-9425-4AF975AFC9C0}"
EndProject
Project("{9A19103F-16F7-4668-BE54-9A1E7A4F7556}") = "Commitments.Core", "src\Services\Commitments\Commitments.Core\Commitments.Core.csproj", "{EB119681-4B39-48C1-B2AB-8B9DB9CAE9C3}"
EndProject
Project("{9A19103F-16F7-4668-BE54-9A1E7A4F7556}") = "Commitments.Infrastructure", "src\Services\Commitments\Commitments.Infrastructure\Commitments.Infrastructure.csproj", "{44F1FCC9-B134-42C3-A24E-A3C711D7B771}"
EndProject
Project("{2150E333-8FDC-42A3-9474-1A3956D46DE8}") = "Identity", "Identity", "{7CCE328C-DAD6-4212-BD6D-98798522A5AB}"
EndProject
Project("{9A19103F-16F7-4668-BE54-9A1E7A4F7556}") = "IdentityService.Api", "src\Services\Identity\IdentityService.Api\IdentityService.Api.csproj", "{015C1A76-4C9E-408C-922F-C62E8C4D0836}"
EndProject
Project("{9A19103F-16F7-4668-BE54-9A1E7A4F7556}") = "IdentityService.Core", "src\Services\Identity\IdentityService.Core\IdentityService.Core.csproj", "{EE63D99F-041D-41AD-877F-082FCA6B2FB7}"
EndProject
Project("{9A19103F-16F7-4668-BE54-9A1E7A4F7556}") = "IdentityService.Infrastructure", "src\Services\Identity\IdentityService.Infrastructure\IdentityService.Infrastructure.csproj", "{9170F71B-39A0-4D57-82A0-6CCB242936AF}"
EndProject
Project("{2150E333-8FDC-42A3-9474-1A3956D46DE8}") = "Profile", "Profile", "{7FC1968E-B7F5-49E1-9B9E-1D60C8940F42}"
EndProject
Project("{9A19103F-16F7-4668-BE54-9A1E7A4F7556}") = "ProfileService.Api", "src\Services\Profile\ProfileService.Api\ProfileService.Api.csproj", "{C996E443-B39D-4F60-96AE-8B1BC3BB9527}"
EndProject
Project("{9A19103F-16F7-4668-BE54-9A1E7A4F7556}") = "ProfileService.Core", "src\Services\Profile\ProfileService.Core\ProfileService.Core.csproj", "{A4591949-5AA9-40F8-8F35-1DABDCC3B28F}"
EndProject
Project("{9A19103F-16F7-4668-BE54-9A1E7A4F7556}") = "ProfileService.Infrastructure", "src\Services\Profile\ProfileService.Infrastructure\ProfileService.Infrastructure.csproj", "{B26F4F4E-5C08-4F5C-8FE0-82CE39B62A2A}"
EndProject
Project("{9A19103F-16F7-4668-BE54-9A1E7A4F7556}") = "Security.Tests", "src\BuildingBlocks\Security\Security.Tests\Security.Tests.csproj", "{A263F468-1871-42C2-A1C7-A51CA6139730}"
EndProject
Project("{2150E333-8FDC-42A3-9474-1A3956D46DE8}") = "Dashboard", "Dashboard", "{C05558C7-E351-4BA5-A861-D149B9824264}"
EndProject
Project("{9A19103F-16F7-4668-BE54-9A1E7A4F7556}") = "DashboardService.Api", "src\Services\Dashboard\DashboardService.Api\DashboardService.Api.csproj", "{B2424A98-61AC-4D02-84C1-CD054F9350DE}"
EndProject
Project("{9A19103F-16F7-4668-BE54-9A1E7A4F7556}") = "DashboardService.Core", "src\Services\Dashboard\DashboardService.Core\DashboardService.Core.csproj", "{41482785-1525-42C9-9E36-A362B84D3097}"
EndProject
Project("{9A19103F-16F7-4668-BE54-9A1E7A4F7556}") = "DashboardService.Infrastructure", "src\Services\Dashboard\DashboardService.Infrastructure\DashboardService.Infrastructure.csproj", "{C770185B-440B-4AA5-A94F-82797C19A7E8}"
EndProject
Project("{2150E333-8FDC-42A3-9474-1A3956D46DE8}") = "DigitalAsset", "DigitalAsset", "{2A045329-6238-421D-A2B4-67F44D1E10FF}"
EndProject
Project("{9A19103F-16F7-4668-BE54-9A1E7A4F7556}") = "DigitalAssetService.Api", "src\Services\DigitalAsset\DigitalAssetService.Api\DigitalAssetService.Api.csproj", "{33F94B49-1FD7-4EA8-AA69-9745A5A967F6}"
EndProject
Project("{9A19103F-16F7-4668-BE54-9A1E7A4F7556}") = "DigitalAssetService.Core", "src\Services\DigitalAsset\DigitalAssetService.Core\DigitalAssetService.Core.csproj", "{43CA419A-8DF8-4F98-84A0-A7A5F6525EF8}"
EndProject
Project("{9A19103F-16F7-4668-BE54-9A1E7A4F7556}") = "DigitalAssetService.Infrastructure", "src\Services\DigitalAsset\DigitalAssetService.Infrastructure\DigitalAssetService.Infrastructure.csproj", "{281E4BF4-267B-47A6-8408-D7E951533FA2}"
EndProject
Project("{2150E333-8FDC-42A3-9474-1A3956D46DE8}") = "Note", "Note", "{E57DF249-1606-4251-9AB5-DABCC79F8828}"
EndProject
Project("{9A19103F-16F7-4668-BE54-9A1E7A4F7556}") = "NoteService.Api", "src\Services\Note\NoteService.Api\NoteService.Api.csproj", "{966C772B-6250-460D-8F91-EA70ADD19C2B}"
EndProject
Project("{9A19103F-16F7-4668-BE54-9A1E7A4F7556}") = "NoteService.Core", "src\Services\Note\NoteService.Core\NoteService.Core.csproj", "{995519D8-03C1-4256-A31E-5C78A65DBF5C}"
EndProject
Project("{9A19103F-16F7-4668-BE54-9A1E7A4F7556}") = "NoteService.Infrastructure", "src\Services\Note\NoteService.Infrastructure\NoteService.Infrastructure.csproj", "{30B2191A-24E2-41B1-A3B4-6674EF232EAC}"
EndProject
Project("{2150E333-8FDC-42A3-9474-1A3956D46DE8}") = "ToDo", "ToDo", "{E7CDA05C-0927-447B-9F13-BB5F13950EE6}"
EndProject
Project("{9A19103F-16F7-4668-BE54-9A1E7A4F7556}") = "ToDoService.Api", "src\Services\ToDo\ToDoService.Api\ToDoService.Api.csproj", "{5DE13062-CBAE-4DF6-9683-7CD93AF941F8}"
EndProject
Project("{9A19103F-16F7-4668-BE54-9A1E7A4F7556}") = "ToDoService.Core", "src\Services\ToDo\ToDoService.Core\ToDoService.Core.csproj", "{022A344A-15F3-4C9B-B0AA-C068C409A8B6}"
EndProject
Project("{9A19103F-16F7-4668-BE54-9A1E7A4F7556}") = "ToDoService.Infrastructure", "src\Services\ToDo\ToDoService.Infrastructure\ToDoService.Infrastructure.csproj", "{637E6938-9710-45FA-87AB-CAC6BAD8875E}"
EndProject
Global
	GlobalSection(SolutionConfigurationPlatforms) = preSolution
		Debug|Any CPU = Debug|Any CPU
		Debug|x64 = Debug|x64
		Debug|x86 = Debug|x86
		Release|Any CPU = Release|Any CPU
		Release|x64 = Release|x64
		Release|x86 = Release|x86
	EndGlobalSection
	GlobalSection(ProjectConfigurationPlatforms) = postSolution
		{58933801-F6B6-48C3-BE34-66110C230582}.Debug|Any CPU.ActiveCfg = Debug|Any CPU
		{58933801-F6B6-48C3-BE34-66110C230582}.Debug|Any CPU.Build.0 = Debug|Any CPU
		{58933801-F6B6-48C3-BE34-66110C230582}.Debug|x64.ActiveCfg = Debug|Any CPU
		{58933801-F6B6-48C3-BE34-66110C230582}.Debug|x64.Build.0 = Debug|Any CPU
		{58933801-F6B6-48C3-BE34-66110C230582}.Debug|x86.ActiveCfg = Debug|Any CPU
		{58933801-F6B6-48C3-BE34-66110C230582}.Debug|x86.Build.0 = Debug|Any CPU
		{58933801-F6B6-48C3-BE34-66110C230582}.Release|Any CPU.ActiveCfg = Release|Any CPU
		{58933801-F6B6-48C3-BE34-66110C230582}.Release|Any CPU.Build.0 = Release|Any CPU
		{58933801-F6B6-48C3-BE34-66110C230582}.Release|x64.ActiveCfg = Release|Any CPU
		{58933801-F6B6-48C3-BE34-66110C230582}.Release|x64.Build.0 = Release|Any CPU
		{58933801-F6B6-48C3-BE34-66110C230582}.Release|x86.ActiveCfg = Release|Any CPU
		{58933801-F6B6-48C3-BE34-66110C230582}.Release|x86.Build.0 = Release|Any CPU
		{D71EF3BA-C235-4D3D-81AF-E6C1AEF3B5EE}.Debug|Any CPU.ActiveCfg = Debug|Any CPU
		{D71EF3BA-C235-4D3D-81AF-E6C1AEF3B5EE}.Debug|Any CPU.Build.0 = Debug|Any CPU
		{D71EF3BA-C235-4D3D-81AF-E6C1AEF3B5EE}.Debug|x64.ActiveCfg = Debug|Any CPU
		{D71EF3BA-C235-4D3D-81AF-E6C1AEF3B5EE}.Debug|x64.Build.0 = Debug|Any CPU
		{D71EF3BA-C235-4D3D-81AF-E6C1AEF3B5EE}.Debug|x86.ActiveCfg = Debug|Any CPU
		{D71EF3BA-C235-4D3D-81AF-E6C1AEF3B5EE}.Debug|x86.Build.0 = Debug|Any CPU
		{D71EF3BA-C235-4D3D-81AF-E6C1AEF3B5EE}.Release|Any CPU.ActiveCfg = Release|Any CPU
		{D71EF3BA-C235-4D3D-81AF-E6C1AEF3B5EE}.Release|Any CPU.Build.0 = Release|Any CPU
		{D71EF3BA-C235-4D3D-81AF-E6C1AEF3B5EE}.Release|x64.ActiveCfg = Release|Any CPU
		{D71EF3BA-C235-4D3D-81AF-E6C1AEF3B5EE}.Release|x64.Build.0 = Release|Any CPU
		{D71EF3BA-C235-4D3D-81AF-E6C1AEF3B5EE}.Release|x86.ActiveCfg = Release|Any CPU
		{D71EF3BA-C235-4D3D-81AF-E6C1AEF3B5EE}.Release|x86.Build.0 = Release|Any CPU
		{49183400-965E-44A4-8916-3030E1B49C19}.Debug|Any CPU.ActiveCfg = Debug|Any CPU
		{49183400-965E-44A4-8916-3030E1B49C19}.Debug|Any CPU.Build.0 = Debug|Any CPU
		{49183400-965E-44A4-8916-3030E1B49C19}.Debug|x64.ActiveCfg = Debug|Any CPU
		{49183400-965E-44A4-8916-3030E1B49C19}.Debug|x64.Build.0 = Debug|Any CPU
		{49183400-965E-44A4-8916-3030E1B49C19}.Debug|x86.ActiveCfg = Debug|Any CPU
		{49183400-965E-44A4-8916-3030E1B49C19}.Debug|x86.Build.0 = Debug|Any CPU
		{49183400-965E-44A4-8916-3030E1B49C19}.Release|Any CPU.ActiveCfg = Release|Any CPU
		{49183400-965E-44A4-8916-3030E1B49C19}.Release|Any CPU.Build.0 = Release|Any CPU
		{49183400-965E-44A4-8916-3030E1B49C19}.Release|x64.ActiveCfg = Release|Any CPU
		{49183400-965E-44A4-8916-3030E1B49C19}.Release|x64.Build.0 = Release|Any CPU
		{49183400-965E-44A4-8916-3030E1B49C19}.Release|x86.ActiveCfg = Release|Any CPU
		{49183400-965E-44A4-8916-3030E1B49C19}.Release|x86.Build.0 = Release|Any CPU
		{00DAE96D-8185-4ADA-8099-F07C7638FA92}.Debug|Any CPU.ActiveCfg = Debug|Any CPU
		{00DAE96D-8185-4ADA-8099-F07C7638FA92}.Debug|Any CPU.Build.0 = Debug|Any CPU
		{00DAE96D-8185-4ADA-8099-F07C7638FA92}.Debug|x64.ActiveCfg = Debug|Any CPU
		{00DAE96D-8185-4ADA-8099-F07C7638FA92}.Debug|x64.Build.0 = Debug|Any CPU
		{00DAE96D-8185-4ADA-8099-F07C7638FA92}.Debug|x86.ActiveCfg = Debug|Any CPU
		{00DAE96D-8185-4ADA-8099-F07C7638FA92}.Debug|x86.Build.0 = Debug|Any CPU
		{00DAE96D-8185-4ADA-8099-F07C7638FA92}.Release|Any CPU.ActiveCfg = Release|Any CPU
		{00DAE96D-8185-4ADA-8099-F07C7638FA92}.Release|Any CPU.Build.0 = Release|Any CPU
		{00DAE96D-8185-4ADA-8099-F07C7638FA92}.Release|x64.ActiveCfg = Release|Any CPU
		{00DAE96D-8185-4ADA-8099-F07C7638FA92}.Release|x64.Build.0 = Release|Any CPU
		{00DAE96D-8185-4ADA-8099-F07C7638FA92}.Release|x86.ActiveCfg = Release|Any CPU
		{00DAE96D-8185-4ADA-8099-F07C7638FA92}.Release|x86.Build.0 = Release|Any CPU
		{9C5087AC-17E1-4C1A-8F83-E31438E87728}.Debug|Any CPU.ActiveCfg = Debug|Any CPU
		{9C5087AC-17E1-4C1A-8F83-E31438E87728}.Debug|Any CPU.Build.0 = Debug|Any CPU
		{9C5087AC-17E1-4C1A-8F83-E31438E87728}.Debug|x64.ActiveCfg = Debug|Any CPU
		{9C5087AC-17E1-4C1A-8F83-E31438E87728}.Debug|x64.Build.0 = Debug|Any CPU
		{9C5087AC-17E1-4C1A-8F83-E31438E87728}.Debug|x86.ActiveCfg = Debug|Any CPU
		{9C5087AC-17E1-4C1A-8F83-E31438E87728}.Debug|x86.Build.0 = Debug|Any CPU
		{9C5087AC-17E1-4C1A-8F83-E31438E87728}.Release|Any CPU.ActiveCfg = Release|Any CPU
		{9C5087AC-17E1-4C1A-8F83-E31438E87728}.Release|Any CPU.Build.0 = Release|Any CPU
		{9C5087AC-17E1-4C1A-8F83-E31438E87728}.Release|x64.ActiveCfg = Release|Any CPU
		{9C5087AC-17E1-4C1A-8F83-E31438E87728}.Release|x64.Build.0 = Release|Any CPU
		{9C5087AC-17E1-4C1A-8F83-E31438E87728}.Release|x86.ActiveCfg = Release|Any CPU
		{9C5087AC-17E1-4C1A-8F83-E31438E87728}.Release|x86.Build.0 = Release|Any CPU
		{8151352F-13DC-4F98-AAFF-11C8F3F03092}.Debug|Any CPU.ActiveCfg = Debug|Any CPU
		{8151352F-13DC-4F98-AAFF-11C8F3F03092}.Debug|Any CPU.Build.0 = Debug|Any CPU
		{8151352F-13DC-4F98-AAFF-11C8F3F03092}.Debug|x64.ActiveCfg = Debug|Any CPU
		{8151352F-13DC-4F98-AAFF-11C8F3F03092}.Debug|x64.Build.0 = Debug|Any CPU
		{8151352F-13DC-4F98-AAFF-11C8F3F03092}.Debug|x86.ActiveCfg = Debug|Any CPU
		{8151352F-13DC-4F98-AAFF-11C8F3F03092}.Debug|x86.Build.0 = Debug|Any CPU
		{8151352F-13DC-4F98-AAFF-11C8F3F03092}.Release|Any CPU.ActiveCfg = Release|Any CPU
		{8151352F-13DC-4F98-AAFF-11C8F3F03092}.Release|Any CPU.Build.0 = Release|Any CPU
		{8151352F-13DC-4F98-AAFF-11C8F3F03092}.Release|x64.ActiveCfg = Release|Any CPU
		{8151352F-13DC-4F98-AAFF-11C8F3F03092}.Release|x64.Build.0 = Release|Any CPU
		{8151352F-13DC-4F98-AAFF-11C8F3F03092}.Release|x86.ActiveCfg = Release|Any CPU
		{8151352F-13DC-4F98-AAFF-11C8F3F03092}.Release|x86.Build.0 = Release|Any CPU
		{0C6F54B1-DC5D-4843-9425-4AF975AFC9C0}.Debug|Any CPU.ActiveCfg = Debug|Any CPU
		{0C6F54B1-DC5D-4843-9425-4AF975AFC9C0}.Debug|Any CPU.Build.0 = Debug|Any CPU
		{0C6F54B1-DC5D-4843-9425-4AF975AFC9C0}.Debug|x64.ActiveCfg = Debug|Any CPU
		{0C6F54B1-DC5D-4843-9425-4AF975AFC9C0}.Debug|x64.Build.0 = Debug|Any CPU
		{0C6F54B1-DC5D-4843-9425-4AF975AFC9C0}.Debug|x86.ActiveCfg = Debug|Any CPU
		{0C6F54B1-DC5D-4843-9425-4AF975AFC9C0}.Debug|x86.Build.0 = Debug|Any CPU
		{0C6F54B1-DC5D-4843-9425-4AF975AFC9C0}.Release|Any CPU.ActiveCfg = Release|Any CPU
		{0C6F54B1-DC5D-4843-9425-4AF975AFC9C0}.Release|Any CPU.Build.0 = Release|Any CPU
		{0C6F54B1-DC5D-4843-9425-4AF975AFC9C0}.Release|x64.ActiveCfg = Release|Any CPU
		{0C6F54B1-DC5D-4843-9425-4AF975AFC9C0}.Release|x64.Build.0 = Release|Any CPU
		{0C6F54B1-DC5D-4843-9425-4AF975AFC9C0}.Release|x86.ActiveCfg = Release|Any CPU
		{0C6F54B1-DC5D-4843-9425-4AF975AFC9C0}.Release|x86.Build.0 = Release|Any CPU
		{EB119681-4B39-48C1-B2AB-8B9DB9CAE9C3}.Debug|Any CPU.ActiveCfg = Debug|Any CPU
		{EB119681-4B39-48C1-B2AB-8B9DB9CAE9C3}.Debug|Any CPU.Build.0 = Debug|Any CPU
		{EB119681-4B39-48C1-B2AB-8B9DB9CAE9C3}.Debug|x64.ActiveCfg = Debug|Any CPU
		{EB119681-4B39-48C1-B2AB-8B9DB9CAE9C3}.Debug|x64.Build.0 = Debug|Any CPU
		{EB119681-4B39-48C1-B2AB-8B9DB9CAE9C3}.Debug|x86.ActiveCfg = Debug|Any CPU
		{EB119681-4B39-48C1-B2AB-8B9DB9CAE9C3}.Debug|x86.Build.0 = Debug|Any CPU
		{EB119681-4B39-48C1-B2AB-8B9DB9CAE9C3}.Release|Any CPU.ActiveCfg = Release|Any CPU
		{EB119681-4B39-48C1-B2AB-8B9DB9CAE9C3}.Release|Any CPU.Build.0 = Release|Any CPU
		{EB119681-4B39-48C1-B2AB-8B9DB9CAE9C3}.Release|x64.ActiveCfg = Release|Any CPU
		{EB119681-4B39-48C1-B2AB-8B9DB9CAE9C3}.Release|x64.Build.0 = Release|Any CPU
		{EB119681-4B39-48C1-B2AB-8B9DB9CAE9C3}.Release|x86.ActiveCfg = Release|Any CPU
		{EB119681-4B39-48C1-B2AB-8B9DB9CAE9C3}.Release|x86.Build.0 = Release|Any CPU
		{44F1FCC9-B134-42C3-A24E-A3C711D7B771}.Debug|Any CPU.ActiveCfg = Debug|Any CPU
		{44F1FCC9-B134-42C3-A24E-A3C711D7B771}.Debug|Any CPU.Build.0 = Debug|Any CPU
		{44F1FCC9-B134-42C3-A24E-A3C711D7B771}.Debug|x64.ActiveCfg = Debug|Any CPU
		{44F1FCC9-B134-42C3-A24E-A3C711D7B771}.Debug|x64.Build.0 = Debug|Any CPU
		{44F1FCC9-B134-42C3-A24E-A3C711D7B771}.Debug|x86.ActiveCfg = Debug|Any CPU
		{44F1FCC9-B134-42C3-A24E-A3C711D7B771}.Debug|x86.Build.0 = Debug|Any CPU
		{44F1FCC9-B134-42C3-A24E-A3C711D7B771}.Release|Any CPU.ActiveCfg = Release|Any CPU
		{44F1FCC9-B134-42C3-A24E-A3C711D7B771}.Release|Any CPU.Build.0 = Release|Any CPU
		{44F1FCC9-B134-42C3-A24E-A3C711D7B771}.Release|x64.ActiveCfg = Release|Any CPU
		{44F1FCC9-B134-42C3-A24E-A3C711D7B771}.Release|x64.Build.0 = Release|Any CPU
		{44F1FCC9-B134-42C3-A24E-A3C711D7B771}.Release|x86.ActiveCfg = Release|Any CPU
		{44F1FCC9-B134-42C3-A24E-A3C711D7B771}.Release|x86.Build.0 = Release|Any CPU
		{015C1A76-4C9E-408C-922F-C62E8C4D0836}.Debug|Any CPU.ActiveCfg = Debug|Any CPU
		{015C1A76-4C9E-408C-922F-C62E8C4D0836}.Debug|Any CPU.Build.0 = Debug|Any CPU
		{015C1A76-4C9E-408C-922F-C62E8C4D0836}.Debug|x64.ActiveCfg = Debug|Any CPU
		{015C1A76-4C9E-408C-922F-C62E8C4D0836}.Debug|x64.Build.0 = Debug|Any CPU
		{015C1A76-4C9E-408C-922F-C62E8C4D0836}.Debug|x86.ActiveCfg = Debug|Any CPU
		{015C1A76-4C9E-408C-922F-C62E8C4D0836}.Debug|x86.Build.0 = Debug|Any CPU
		{015C1A76-4C9E-408C-922F-C62E8C4D0836}.Release|Any CPU.ActiveCfg = Release|Any CPU
		{015C1A76-4C9E-408C-922F-C62E8C4D0836}.Release|Any CPU.Build.0 = Release|Any CPU
		{015C1A76-4C9E-408C-922F-C62E8C4D0836}.Release|x64.ActiveCfg = Release|Any CPU
		{015C1A76-4C9E-408C-922F-C62E8C4D0836}.Release|x64.Build.0 = Release|Any CPU
		{015C1A76-4C9E-408C-922F-C62E8C4D0836}.Release|x86.ActiveCfg = Release|Any CPU
		{015C1A76-4C9E-408C-922F-C62E8C4D0836}.Release|x86.Build.0 = Release|Any CPU
		{EE63D99F-041D-41AD-877F-082FCA6B2FB7}.Debug|Any CPU.ActiveCfg = Debug|Any CPU
		{EE63D99F-041D-41AD-877F-082FCA6B2FB7}.Debug|Any CPU.Build.0 = Debug|Any CPU
		{EE63D99F-041D-41AD-877F-082FCA6B2FB7}.Debug|x64.ActiveCfg = Debug|Any CPU
		{EE63D99F-041D-41AD-877F-082FCA6B2FB7}.Debug|x64.Build.0 = Debug|Any CPU
		{EE63D99F-041D-41AD-877F-082FCA6B2FB7}.Debug|x86.ActiveCfg = Debug|Any CPU
		{EE63D99F-041D-41AD-877F-082FCA6B2FB7}.Debug|x86.Build.0 = Debug|Any CPU
		{EE63D99F-041D-41AD-877F-082FCA6B2FB7}.Release|Any CPU.ActiveCfg = Release|Any CPU
		{EE63D99F-041D-41AD-877F-082FCA6B2FB7}.Release|Any CPU.Build.0 = Release|Any CPU
		{EE63D99F-041D-41AD-877F-082FCA6B2FB7}.Release|x64.ActiveCfg = Release|Any CPU
		{EE63D99F-041D-41AD-877F-082FCA6B2FB7}.Release|x64.Build.0 = Release|Any CPU
		{EE63D99F-041D-41AD-877F-082FCA6B2FB7}.Release|x86.ActiveCfg = Release|Any CPU
		{EE63D99F-041D-41AD-877F-082FCA6B2FB7}.Release|x86.Build.0 = Release|Any CPU
		{9170F71B-39A0-4D57-82A0-6CCB242936AF}.Debug|Any CPU.ActiveCfg = Debug|Any CPU
		{9170F71B-39A0-4D57-82A0-6CCB242936AF}.Debug|Any CPU.Build.0 = Debug|Any CPU
		{9170F71B-39A0-4D57-82A0-6CCB242936AF}.Debug|x64.ActiveCfg = Debug|Any CPU
		{9170F71B-39A0-4D57-82A0-6CCB242936AF}.Debug|x64.Build.0 = Debug|Any CPU
		{9170F71B-39A0-4D57-82A0-6CCB242936AF}.Debug|x86.ActiveCfg = Debug|Any CPU
		{9170F71B-39A0-4D57-82A0-6CCB242936AF}.Debug|x86.Build.0 = Debug|Any CPU
		{9170F71B-39A0-4D57-82A0-6CCB242936AF}.Release|Any CPU.ActiveCfg = Release|Any CPU
		{9170F71B-39A0-4D57-82A0-6CCB242936AF}.Release|Any CPU.Build.0 = Release|Any CPU
		{9170F71B-39A0-4D57-82A0-6CCB242936AF}.Release|x64.ActiveCfg = Release|Any CPU
		{9170F71B-39A0-4D57-82A0-6CCB242936AF}.Release|x64.Build.0 = Release|Any CPU
		{9170F71B-39A0-4D57-82A0-6CCB242936AF}.Release|x86.ActiveCfg = Release|Any CPU
		{9170F71B-39A0-4D57-82A0-6CCB242936AF}.Release|x86.Build.0 = Release|Any CPU
		{C996E443-B39D-4F60-96AE-8B1BC3BB9527}.Debug|Any CPU.ActiveCfg = Debug|Any CPU
		{C996E443-B39D-4F60-96AE-8B1BC3BB9527}.Debug|Any CPU.Build.0 = Debug|Any CPU
		{C996E443-B39D-4F60-96AE-8B1BC3BB9527}.Debug|x64.ActiveCfg = Debug|Any CPU
		{C996E443-B39D-4F60-96AE-8B1BC3BB9527}.Debug|x64.Build.0 = Debug|Any CPU
		{C996E443-B39D-4F60-96AE-8B1BC3BB9527}.Debug|x86.ActiveCfg = Debug|Any CPU
		{C996E443-B39D-4F60-96AE-8B1BC3BB9527}.Debug|x86.Build.0 = Debug|Any CPU
		{C996E443-B39D-4F60-96AE-8B1BC3BB9527}.Release|Any CPU.ActiveCfg = Release|Any CPU
		{C996E443-B39D-4F60-96AE-8B1BC3BB9527}.Release|Any CPU.Build.0 = Release|Any CPU
		{C996E443-B39D-4F60-96AE-8B1BC3BB9527}.Release|x64.ActiveCfg = Release|Any CPU
		{C996E443-B39D-4F60-96AE-8B1BC3BB9527}.Release|x64.Build.0 = Release|Any CPU
		{C996E443-B39D-4F60-96AE-8B1BC3BB9527}.Release|x86.ActiveCfg = Release|Any CPU
		{C996E443-B39D-4F60-96AE-8B1BC3BB9527}.Release|x86.Build.0 = Release|Any CPU
		{A4591949-5AA9-40F8-8F35-1DABDCC3B28F}.Debug|Any CPU.ActiveCfg = Debug|Any CPU
		{A4591949-5AA9-40F8-8F35-1DABDCC3B28F}.Debug|Any CPU.Build.0 = Debug|Any CPU
		{A4591949-5AA9-40F8-8F35-1DABDCC3B28F}.Debug|x64.ActiveCfg = Debug|Any CPU
		{A4591949-5AA9-40F8-8F35-1DABDCC3B28F}.Debug|x64.Build.0 = Debug|Any CPU
		{A4591949-5AA9-40F8-8F35-1DABDCC3B28F}.Debug|x86.ActiveCfg = Debug|Any CPU
		{A4591949-5AA9-40F8-8F35-1DABDCC3B28F}.Debug|x86.Build.0 = Debug|Any CPU
		{A4591949-5AA9-40F8-8F35-1DABDCC3B28F}.Release|Any CPU.ActiveCfg = Release|Any CPU
		{A4591949-5AA9-40F8-8F35-1DABDCC3B28F}.Release|Any CPU.Build.0 = Release|Any CPU
		{A4591949-5AA9-40F8-8F35-1DABDCC3B28F}.Release|x64.ActiveCfg = Release|Any CPU
		{A4591949-5AA9-40F8-8F35-1DABDCC3B28F}.Release|x64.Build.0 = Release|Any CPU
		{A4591949-5AA9-40F8-8F35-1DABDCC3B28F}.Release|x86.ActiveCfg = Release|Any CPU
		{A4591949-5AA9-40F8-8F35-1DABDCC3B28F}.Release|x86.Build.0 = Release|Any CPU
		{B26F4F4E-5C08-4F5C-8FE0-82CE39B62A2A}.Debug|Any CPU.ActiveCfg = Debug|Any CPU
		{B26F4F4E-5C08-4F5C-8FE0-82CE39B62A2A}.Debug|Any CPU.Build.0 = Debug|Any CPU
		{B26F4F4E-5C08-4F5C-8FE0-82CE39B62A2A}.Debug|x64.ActiveCfg = Debug|Any CPU
		{B26F4F4E-5C08-4F5C-8FE0-82CE39B62A2A}.Debug|x64.Build.0 = Debug|Any CPU
		{B26F4F4E-5C08-4F5C-8FE0-82CE39B62A2A}.Debug|x86.ActiveCfg = Debug|Any CPU
		{B26F4F4E-5C08-4F5C-8FE0-82CE39B62A2A}.Debug|x86.Build.0 = Debug|Any CPU
		{B26F4F4E-5C08-4F5C-8FE0-82CE39B62A2A}.Release|Any CPU.ActiveCfg = Release|Any CPU
		{B26F4F4E-5C08-4F5C-8FE0-82CE39B62A2A}.Release|Any CPU.Build.0 = Release|Any CPU
		{B26F4F4E-5C08-4F5C-8FE0-82CE39B62A2A}.Release|x64.ActiveCfg = Release|Any CPU
		{B26F4F4E-5C08-4F5C-8FE0-82CE39B62A2A}.Release|x64.Build.0 = Release|Any CPU
		{B26F4F4E-5C08-4F5C-8FE0-82CE39B62A2A}.Release|x86.ActiveCfg = Release|Any CPU
		{B26F4F4E-5C08-4F5C-8FE0-82CE39B62A2A}.Release|x86.Build.0 = Release|Any CPU
		{A263F468-1871-42C2-A1C7-A51CA6139730}.Debug|Any CPU.ActiveCfg = Debug|Any CPU
		{A263F468-1871-42C2-A1C7-A51CA6139730}.Debug|Any CPU.Build.0 = Debug|Any CPU
		{A263F468-1871-42C2-A1C7-A51CA6139730}.Debug|x64.ActiveCfg = Debug|Any CPU
		{A263F468-1871-42C2-A1C7-A51CA6139730}.Debug|x64.Build.0 = Debug|Any CPU
		{A263F468-1871-42C2-A1C7-A51CA6139730}.Debug|x86.ActiveCfg = Debug|Any CPU
		{A263F468-1871-42C2-A1C7-A51CA6139730}.Debug|x86.Build.0 = Debug|Any CPU
		{A263F468-1871-42C2-A1C7-A51CA6139730}.Release|Any CPU.ActiveCfg = Release|Any CPU
		{A263F468-1871-42C2-A1C7-A51CA6139730}.Release|Any CPU.Build.0 = Release|Any CPU
		{A263F468-1871-42C2-A1C7-A51CA6139730}.Release|x64.ActiveCfg = Release|Any CPU
		{A263F468-1871-42C2-A1C7-A51CA6139730}.Release|x64.Build.0 = Release|Any CPU
		{A263F468-1871-42C2-A1C7-A51CA6139730}.Release|x86.ActiveCfg = Release|Any CPU
		{A263F468-1871-42C2-A1C7-A51CA6139730}.Release|x86.Build.0 = Release|Any CPU
		{B2424A98-61AC-4D02-84C1-CD054F9350DE}.Debug|Any CPU.ActiveCfg = Debug|Any CPU
		{B2424A98-61AC-4D02-84C1-CD054F9350DE}.Debug|Any CPU.Build.0 = Debug|Any CPU
		{B2424A98-61AC-4D02-84C1-CD054F9350DE}.Debug|x64.ActiveCfg = Debug|Any CPU
		{B2424A98-61AC-4D02-84C1-CD054F9350DE}.Debug|x64.Build.0 = Debug|Any CPU
		{B2424A98-61AC-4D02-84C1-CD054F9350DE}.Debug|x86.ActiveCfg = Debug|Any CPU
		{B2424A98-61AC-4D02-84C1-CD054F9350DE}.Debug|x86.Build.0 = Debug|Any CPU
		{B2424A98-61AC-4D02-84C1-CD054F9350DE}.Release|Any CPU.ActiveCfg = Release|Any CPU
		{B2424A98-61AC-4D02-84C1-CD054F9350DE}.Release|Any CPU.Build.0 = Release|Any CPU
		{B2424A98-61AC-4D02-84C1-CD054F9350DE}.Release|x64.ActiveCfg = Release|Any CPU
		{B2424A98-61AC-4D02-84C1-CD054F9350DE}.Release|x64.Build.0 = Release|Any CPU
		{B2424A98-61AC-4D02-84C1-CD054F9350DE}.Release|x86.ActiveCfg = Release|Any CPU
		{B2424A98-61AC-4D02-84C1-CD054F9350DE}.Release|x86.Build.0 = Release|Any CPU
		{41482785-1525-42C9-9E36-A362B84D3097}.Debug|Any CPU.ActiveCfg = Debug|Any CPU
		{41482785-1525-42C9-9E36-A362B84D3097}.Debug|Any CPU.Build.0 = Debug|Any CPU
		{41482785-1525-42C9-9E36-A362B84D3097}.Debug|x64.ActiveCfg = Debug|Any CPU
		{41482785-1525-42C9-9E36-A362B84D3097}.Debug|x64.Build.0 = Debug|Any CPU
		{41482785-1525-42C9-9E36-A362B84D3097}.Debug|x86.ActiveCfg = Debug|Any CPU
		{41482785-1525-42C9-9E36-A362B84D3097}.Debug|x86.Build.0 = Debug|Any CPU
		{41482785-1525-42C9-9E36-A362B84D3097}.Release|Any CPU.ActiveCfg = Release|Any CPU
		{41482785-1525-42C9-9E36-A362B84D3097}.Release|Any CPU.Build.0 = Release|Any CPU
		{41482785-1525-42C9-9E36-A362B84D3097}.Release|x64.ActiveCfg = Release|Any CPU
		{41482785-1525-42C9-9E36-A362B84D3097}.Release|x64.Build.0 = Release|Any CPU
		{41482785-1525-42C9-9E36-A362B84D3097}.Release|x86.ActiveCfg = Release|Any CPU
		{41482785-1525-42C9-9E36-A362B84D3097}.Release|x86.Build.0 = Release|Any CPU
		{C770185B-440B-4AA5-A94F-82797C19A7E8}.Debug|Any CPU.ActiveCfg = Debug|Any CPU
		{C770185B-440B-4AA5-A94F-82797C19A7E8}.Debug|Any CPU.Build.0 = Debug|Any CPU
		{C770185B-440B-4AA5-A94F-82797C19A7E8}.Debug|x64.ActiveCfg = Debug|Any CPU
		{C770185B-440B-4AA5-A94F-82797C19A7E8}.Debug|x64.Build.0 = Debug|Any CPU
		{C770185B-440B-4AA5-A94F-82797C19A7E8}.Debug|x86.ActiveCfg = Debug|Any CPU
		{C770185B-440B-4AA5-A94F-82797C19A7E8}.Debug|x86.Build.0 = Debug|Any CPU
		{C770185B-440B-4AA5-A94F-82797C19A7E8}.Release|Any CPU.ActiveCfg = Release|Any CPU
		{C770185B-440B-4AA5-A94F-82797C19A7E8}.Release|Any CPU.Build.0 = Release|Any CPU
		{C770185B-440B-4AA5-A94F-82797C19A7E8}.Release|x64.ActiveCfg = Release|Any CPU
		{C770185B-440B-4AA5-A94F-82797C19A7E8}.Release|x64.Build.0 = Release|Any CPU
		{C770185B-440B-4AA5-A94F-82797C19A7E8}.Release|x86.ActiveCfg = Release|Any CPU
		{C770185B-440B-4AA5-A94F-82797C19A7E8}.Release|x86.Build.0 = Release|Any CPU
		{33F94B49-1FD7-4EA8-AA69-9745A5A967F6}.Debug|Any CPU.ActiveCfg = Debug|Any CPU
		{33F94B49-1FD7-4EA8-AA69-9745A5A967F6}.Debug|Any CPU.Build.0 = Debug|Any CPU
		{33F94B49-1FD7-4EA8-AA69-9745A5A967F6}.Debug|x64.ActiveCfg = Debug|Any CPU
		{33F94B49-1FD7-4EA8-AA69-9745A5A967F6}.Debug|x64.Build.0 = Debug|Any CPU
		{33F94B49-1FD7-4EA8-AA69-9745A5A967F6}.Debug|x86.ActiveCfg = Debug|Any CPU
		{33F94B49-1FD7-4EA8-AA69-9745A5A967F6}.Debug|x86.Build.0 = Debug|Any CPU
		{33F94B49-1FD7-4EA8-AA69-9745A5A967F6}.Release|Any CPU.ActiveCfg = Release|Any CPU
		{33F94B49-1FD7-4EA8-AA69-9745A5A967F6}.Release|Any CPU.Build.0 = Release|Any CPU
		{33F94B49-1FD7-4EA8-AA69-9745A5A967F6}.Release|x64.ActiveCfg = Release|Any CPU
		{33F94B49-1FD7-4EA8-AA69-9745A5A967F6}.Release|x64.Build.0 = Release|Any CPU
		{33F94B49-1FD7-4EA8-AA69-9745A5A967F6}.Release|x86.ActiveCfg = Release|Any CPU
		{33F94B49-1FD7-4EA8-AA69-9745A5A967F6}.Release|x86.Build.0 = Release|Any CPU
		{43CA419A-8DF8-4F98-84A0-A7A5F6525EF8}.Debug|Any CPU.ActiveCfg = Debug|Any CPU
		{43CA419A-8DF8-4F98-84A0-A7A5F6525EF8}.Debug|Any CPU.Build.0 = Debug|Any CPU
		{43CA419A-8DF8-4F98-84A0-A7A5F6525EF8}.Debug|x64.ActiveCfg = Debug|Any CPU
		{43CA419A-8DF8-4F98-84A0-A7A5F6525EF8}.Debug|x64.Build.0 = Debug|Any CPU
		{43CA419A-8DF8-4F98-84A0-A7A5F6525EF8}.Debug|x86.ActiveCfg = Debug|Any CPU
		{43CA419A-8DF8-4F98-84A0-A7A5F6525EF8}.Debug|x86.Build.0 = Debug|Any CPU
		{43CA419A-8DF8-4F98-84A0-A7A5F6525EF8}.Release|Any CPU.ActiveCfg = Release|Any CPU
		{43CA419A-8DF8-4F98-84A0-A7A5F6525EF8}.Release|Any CPU.Build.0 = Release|Any CPU
		{43CA419A-8DF8-4F98-84A0-A7A5F6525EF8}.Release|x64.ActiveCfg = Release|Any CPU
		{43CA419A-8DF8-4F98-84A0-A7A5F6525EF8}.Release|x64.Build.0 = Release|Any CPU
		{43CA419A-8DF8-4F98-84A0-A7A5F6525EF8}.Release|x86.ActiveCfg = Release|Any CPU
		{43CA419A-8DF8-4F98-84A0-A7A5F6525EF8}.Release|x86.Build.0 = Release|Any CPU
		{281E4BF4-267B-47A6-8408-D7E951533FA2}.Debug|Any CPU.ActiveCfg = Debug|Any CPU
		{281E4BF4-267B-47A6-8408-D7E951533FA2}.Debug|Any CPU.Build.0 = Debug|Any CPU
		{281E4BF4-267B-47A6-8408-D7E951533FA2}.Debug|x64.ActiveCfg = Debug|Any CPU
		{281E4BF4-267B-47A6-8408-D7E951533FA2}.Debug|x64.Build.0 = Debug|Any CPU
		{281E4BF4-267B-47A6-8408-D7E951533FA2}.Debug|x86.ActiveCfg = Debug|Any CPU
		{281E4BF4-267B-47A6-8408-D7E951533FA2}.Debug|x86.Build.0 = Debug|Any CPU
		{281E4BF4-267B-47A6-8408-D7E951533FA2}.Release|Any CPU.ActiveCfg = Release|Any CPU
		{281E4BF4-267B-47A6-8408-D7E951533FA2}.Release|Any CPU.Build.0 = Release|Any CPU
		{281E4BF4-267B-47A6-8408-D7E951533FA2}.Release|x64.ActiveCfg = Release|Any CPU
		{281E4BF4-267B-47A6-8408-D7E951533FA2}.Release|x64.Build.0 = Release|Any CPU
		{281E4BF4-267B-47A6-8408-D7E951533FA2}.Release|x86.ActiveCfg = Release|Any CPU
		{281E4BF4-267B-47A6-8408-D7E951533FA2}.Release|x86.Build.0 = Release|Any CPU
		{966C772B-6250-460D-8F91-EA70ADD19C2B}.Debug|Any CPU.ActiveCfg = Debug|Any CPU
		{966C772B-6250-460D-8F91-EA70ADD19C2B}.Debug|Any CPU.Build.0 = Debug|Any CPU
		{966C772B-6250-460D-8F91-EA70ADD19C2B}.Debug|x64.ActiveCfg = Debug|Any CPU
		{966C772B-6250-460D-8F91-EA70ADD19C2B}.Debug|x64.Build.0 = Debug|Any CPU
		{966C772B-6250-460D-8F91-EA70ADD19C2B}.Debug|x86.ActiveCfg = Debug|Any CPU
		{966C772B-6250-460D-8F91-EA70ADD19C2B}.Debug|x86.Build.0 = Debug|Any CPU
		{966C772B-6250-460D-8F91-EA70ADD19C2B}.Release|Any CPU.ActiveCfg = Release|Any CPU
		{966C772B-6250-460D-8F91-EA70ADD19C2B}.Release|Any CPU.Build.0 = Release|Any CPU
		{966C772B-6250-460D-8F91-EA70ADD19C2B}.Release|x64.ActiveCfg = Release|Any CPU
		{966C772B-6250-460D-8F91-EA70ADD19C2B}.Release|x64.Build.0 = Release|Any CPU
		{966C772B-6250-460D-8F91-EA70ADD19C2B}.Release|x86.ActiveCfg = Release|Any CPU
		{966C772B-6250-460D-8F91-EA70ADD19C2B}.Release|x86.Build.0 = Release|Any CPU
		{995519D8-03C1-4256-A31E-5C78A65DBF5C}.Debug|Any CPU.ActiveCfg = Debug|Any CPU
		{995519D8-03C1-4256-A31E-5C78A65DBF5C}.Debug|Any CPU.Build.0 = Debug|Any CPU
		{995519D8-03C1-4256-A31E-5C78A65DBF5C}.Debug|x64.ActiveCfg = Debug|Any CPU
		{995519D8-03C1-4256-A31E-5C78A65DBF5C}.Debug|x64.Build.0 = Debug|Any CPU
		{995519D8-03C1-4256-A31E-5C78A65DBF5C}.Debug|x86.ActiveCfg = Debug|Any CPU
		{995519D8-03C1-4256-A31E-5C78A65DBF5C}.Debug|x86.Build.0 = Debug|Any CPU
		{995519D8-03C1-4256-A31E-5C78A65DBF5C}.Release|Any CPU.ActiveCfg = Release|Any CPU
		{995519D8-03C1-4256-A31E-5C78A65DBF5C}.Release|Any CPU.Build.0 = Release|Any CPU
		{995519D8-03C1-4256-A31E-5C78A65DBF5C}.Release|x64.ActiveCfg = Release|Any CPU
		{995519D8-03C1-4256-A31E-5C78A65DBF5C}.Release|x64.Build.0 = Release|Any CPU
		{995519D8-03C1-4256-A31E-5C78A65DBF5C}.Release|x86.ActiveCfg = Release|Any CPU
		{995519D8-03C1-4256-A31E-5C78A65DBF5C}.Release|x86.Build.0 = Release|Any CPU
		{30B2191A-24E2-41B1-A3B4-6674EF232EAC}.Debug|Any CPU.ActiveCfg = Debug|Any CPU
		{30B2191A-24E2-41B1-A3B4-6674EF232EAC}.Debug|Any CPU.Build.0 = Debug|Any CPU
		{30B2191A-24E2-41B1-A3B4-6674EF232EAC}.Debug|x64.ActiveCfg = Debug|Any CPU
		{30B2191A-24E2-41B1-A3B4-6674EF232EAC}.Debug|x64.Build.0 = Debug|Any CPU
		{30B2191A-24E2-41B1-A3B4-6674EF232EAC}.Debug|x86.ActiveCfg = Debug|Any CPU
		{30B2191A-24E2-41B1-A3B4-6674EF232EAC}.Debug|x86.Build.0 = Debug|Any CPU
		{30B2191A-24E2-41B1-A3B4-6674EF232EAC}.Release|Any CPU.ActiveCfg = Release|Any CPU
		{30B2191A-24E2-41B1-A3B4-6674EF232EAC}.Release|Any CPU.Build.0 = Release|Any CPU
		{30B2191A-24E2-41B1-A3B4-6674EF232EAC}.Release|x64.ActiveCfg = Release|Any CPU
		{30B2191A-24E2-41B1-A3B4-6674EF232EAC}.Release|x64.Build.0 = Release|Any CPU
		{30B2191A-24E2-41B1-A3B4-6674EF232EAC}.Release|x86.ActiveCfg = Release|Any CPU
		{30B2191A-24E2-41B1-A3B4-6674EF232EAC}.Release|x86.Build.0 = Release|Any CPU
		{5DE13062-CBAE-4DF6-9683-7CD93AF941F8}.Debug|Any CPU.ActiveCfg = Debug|Any CPU
		{5DE13062-CBAE-4DF6-9683-7CD93AF941F8}.Debug|Any CPU.Build.0 = Debug|Any CPU
		{5DE13062-CBAE-4DF6-9683-7CD93AF941F8}.Debug|x64.ActiveCfg = Debug|Any CPU
		{5DE13062-CBAE-4DF6-9683-7CD93AF941F8}.Debug|x64.Build.0 = Debug|Any CPU
		{5DE13062-CBAE-4DF6-9683-7CD93AF941F8}.Debug|x86.ActiveCfg = Debug|Any CPU
		{5DE13062-CBAE-4DF6-9683-7CD93AF941F8}.Debug|x86.Build.0 = Debug|Any CPU
		{5DE13062-CBAE-4DF6-9683-7CD93AF941F8}.Release|Any CPU.ActiveCfg = Release|Any CPU
		{5DE13062-CBAE-4DF6-9683-7CD93AF941F8}.Release|Any CPU.Build.0 = Release|Any CPU
		{5DE13062-CBAE-4DF6-9683-7CD93AF941F8}.Release|x64.ActiveCfg = Release|Any CPU
		{5DE13062-CBAE-4DF6-9683-7CD93AF941F8}.Release|x64.Build.0 = Release|Any CPU
		{5DE13062-CBAE-4DF6-9683-7CD93AF941F8}.Release|x86.ActiveCfg = Release|Any CPU
		{5DE13062-CBAE-4DF6-9683-7CD93AF941F8}.Release|x86.Build.0 = Release|Any CPU
		{022A344A-15F3-4C9B-B0AA-C068C409A8B6}.Debug|Any CPU.ActiveCfg = Debug|Any CPU
		{022A344A-15F3-4C9B-B0AA-C068C409A8B6}.Debug|Any CPU.Build.0 = Debug|Any CPU
		{022A344A-15F3-4C9B-B0AA-C068C409A8B6}.Debug|x64.ActiveCfg = Debug|Any CPU
		{022A344A-15F3-4C9B-B0AA-C068C409A8B6}.Debug|x64.Build.0 = Debug|Any CPU
		{022A344A-15F3-4C9B-B0AA-C068C409A8B6}.Debug|x86.ActiveCfg = Debug|Any CPU
		{022A344A-15F3-4C9B-B0AA-C068C409A8B6}.Debug|x86.Build.0 = Debug|Any CPU
		{022A344A-15F3-4C9B-B0AA-C068C409A8B6}.Release|Any CPU.ActiveCfg = Release|Any CPU
		{022A344A-15F3-4C9B-B0AA-C068C409A8B6}.Release|Any CPU.Build.0 = Release|Any CPU
		{022A344A-15F3-4C9B-B0AA-C068C409A8B6}.Release|x64.ActiveCfg = Release|Any CPU
		{022A344A-15F3-4C9B-B0AA-C068C409A8B6}.Release|x64.Build.0 = Release|Any CPU
		{022A344A-15F3-4C9B-B0AA-C068C409A8B6}.Release|x86.ActiveCfg = Release|Any CPU
		{022A344A-15F3-4C9B-B0AA-C068C409A8B6}.Release|x86.Build.0 = Release|Any CPU
		{637E6938-9710-45FA-87AB-CAC6BAD8875E}.Debug|Any CPU.ActiveCfg = Debug|Any CPU
		{637E6938-9710-45FA-87AB-CAC6BAD8875E}.Debug|Any CPU.Build.0 = Debug|Any CPU
		{637E6938-9710-45FA-87AB-CAC6BAD8875E}.Debug|x64.ActiveCfg = Debug|Any CPU
		{637E6938-9710-45FA-87AB-CAC6BAD8875E}.Debug|x64.Build.0 = Debug|Any CPU
		{637E6938-9710-45FA-87AB-CAC6BAD8875E}.Debug|x86.ActiveCfg = Debug|Any CPU
		{637E6938-9710-45FA-87AB-CAC6BAD8875E}.Debug|x86.Build.0 = Debug|Any CPU
		{637E6938-9710-45FA-87AB-CAC6BAD8875E}.Release|Any CPU.ActiveCfg = Release|Any CPU
		{637E6938-9710-45FA-87AB-CAC6BAD8875E}.Release|Any CPU.Build.0 = Release|Any CPU
		{637E6938-9710-45FA-87AB-CAC6BAD8875E}.Release|x64.ActiveCfg = Release|Any CPU
		{637E6938-9710-45FA-87AB-CAC6BAD8875E}.Release|x64.Build.0 = Release|Any CPU
		{637E6938-9710-45FA-87AB-CAC6BAD8875E}.Release|x86.ActiveCfg = Release|Any CPU
		{637E6938-9710-45FA-87AB-CAC6BAD8875E}.Release|x86.Build.0 = Release|Any CPU
	EndGlobalSection
	GlobalSection(SolutionProperties) = preSolution
		HideSolutionNode = FALSE
	EndGlobalSection
	GlobalSection(NestedProjects) = preSolution
		{D25C9AAA-4256-43CA-B8CA-92824D787028} = {F4E808EF-01C4-49BE-83E4-2DE5DF5DBB8D}
		{58933801-F6B6-48C3-BE34-66110C230582} = {D25C9AAA-4256-43CA-B8CA-92824D787028}
		{31DCDDCE-9E1B-4B5D-A7BB-7B99CAFB3A38} = {D25C9AAA-4256-43CA-B8CA-92824D787028}
		{D71EF3BA-C235-4D3D-81AF-E6C1AEF3B5EE} = {31DCDDCE-9E1B-4B5D-A7BB-7B99CAFB3A38}
		{49183400-965E-44A4-8916-3030E1B49C19} = {31DCDDCE-9E1B-4B5D-A7BB-7B99CAFB3A38}
		{8D5D3CF9-9410-40B3-B876-DE95B44CECF5} = {D25C9AAA-4256-43CA-B8CA-92824D787028}
		{00DAE96D-8185-4ADA-8099-F07C7638FA92} = {8D5D3CF9-9410-40B3-B876-DE95B44CECF5}
		{075B3490-8417-4472-B3F1-7F57EFE411A7} = {D25C9AAA-4256-43CA-B8CA-92824D787028}
		{9C5087AC-17E1-4C1A-8F83-E31438E87728} = {075B3490-8417-4472-B3F1-7F57EFE411A7}
		{C25B07B1-EB9D-4045-94C7-C9C4BB2A3D98} = {D25C9AAA-4256-43CA-B8CA-92824D787028}
		{8151352F-13DC-4F98-AAFF-11C8F3F03092} = {C25B07B1-EB9D-4045-94C7-C9C4BB2A3D98}
		{56D28EEA-1EA6-4D53-9666-4706BCC8660F} = {F4E808EF-01C4-49BE-83E4-2DE5DF5DBB8D}
		{603E0629-68B9-4E86-82EE-2AA038B680EC} = {56D28EEA-1EA6-4D53-9666-4706BCC8660F}
		{0C6F54B1-DC5D-4843-9425-4AF975AFC9C0} = {603E0629-68B9-4E86-82EE-2AA038B680EC}
		{EB119681-4B39-48C1-B2AB-8B9DB9CAE9C3} = {603E0629-68B9-4E86-82EE-2AA038B680EC}
		{44F1FCC9-B134-42C3-A24E-A3C711D7B771} = {603E0629-68B9-4E86-82EE-2AA038B680EC}
		{7CCE328C-DAD6-4212-BD6D-98798522A5AB} = {56D28EEA-1EA6-4D53-9666-4706BCC8660F}
		{015C1A76-4C9E-408C-922F-C62E8C4D0836} = {7CCE328C-DAD6-4212-BD6D-98798522A5AB}
		{EE63D99F-041D-41AD-877F-082FCA6B2FB7} = {7CCE328C-DAD6-4212-BD6D-98798522A5AB}
		{9170F71B-39A0-4D57-82A0-6CCB242936AF} = {7CCE328C-DAD6-4212-BD6D-98798522A5AB}
		{7FC1968E-B7F5-49E1-9B9E-1D60C8940F42} = {56D28EEA-1EA6-4D53-9666-4706BCC8660F}
		{C996E443-B39D-4F60-96AE-8B1BC3BB9527} = {7FC1968E-B7F5-49E1-9B9E-1D60C8940F42}
		{A4591949-5AA9-40F8-8F35-1DABDCC3B28F} = {7FC1968E-B7F5-49E1-9B9E-1D60C8940F42}
		{B26F4F4E-5C08-4F5C-8FE0-82CE39B62A2A} = {7FC1968E-B7F5-49E1-9B9E-1D60C8940F42}
		{A263F468-1871-42C2-A1C7-A51CA6139730} = {8D5D3CF9-9410-40B3-B876-DE95B44CECF5}
		{C05558C7-E351-4BA5-A861-D149B9824264} = {56D28EEA-1EA6-4D53-9666-4706BCC8660F}
		{B2424A98-61AC-4D02-84C1-CD054F9350DE} = {C05558C7-E351-4BA5-A861-D149B9824264}
		{41482785-1525-42C9-9E36-A362B84D3097} = {C05558C7-E351-4BA5-A861-D149B9824264}
		{C770185B-440B-4AA5-A94F-82797C19A7E8} = {C05558C7-E351-4BA5-A861-D149B9824264}
		{2A045329-6238-421D-A2B4-67F44D1E10FF} = {56D28EEA-1EA6-4D53-9666-4706BCC8660F}
		{33F94B49-1FD7-4EA8-AA69-9745A5A967F6} = {2A045329-6238-421D-A2B4-67F44D1E10FF}
		{43CA419A-8DF8-4F98-84A0-A7A5F6525EF8} = {2A045329-6238-421D-A2B4-67F44D1E10FF}
		{281E4BF4-267B-47A6-8408-D7E951533FA2} = {2A045329-6238-421D-A2B4-67F44D1E10FF}
		{E57DF249-1606-4251-9AB5-DABCC79F8828} = {56D28EEA-1EA6-4D53-9666-4706BCC8660F}
		{966C772B-6250-460D-8F91-EA70ADD19C2B} = {E57DF249-1606-4251-9AB5-DABCC79F8828}
		{995519D8-03C1-4256-A31E-5C78A65DBF5C} = {E57DF249-1606-4251-9AB5-DABCC79F8828}
		{30B2191A-24E2-41B1-A3B4-6674EF232EAC} = {E57DF249-1606-4251-9AB5-DABCC79F8828}
		{E7CDA05C-0927-447B-9F13-BB5F13950EE6} = {56D28EEA-1EA6-4D53-9666-4706BCC8660F}
		{5DE13062-CBAE-4DF6-9683-7CD93AF941F8} = {E7CDA05C-0927-447B-9F13-BB5F13950EE6}
		{022A344A-15F3-4C9B-B0AA-C068C409A8B6} = {E7CDA05C-0927-447B-9F13-BB5F13950EE6}
		{637E6938-9710-45FA-87AB-CAC6BAD8875E} = {E7CDA05C-0927-447B-9F13-BB5F13950EE6}
	EndGlobalSection
	GlobalSection(ExtensibilityGlobals) = postSolution
		SolutionGuid = {D80DB4B0-7BFE-4AF3-B499-EC4FEFAC34C2}
	EndGlobalSection
EndGlobal
