
Microsoft Visual Studio Solution File, Format Version 12.00
# Visual Studio Version 17
VisualStudioVersion = 17.5.33402.96
MinimumVisualStudioVersion = 10.0.40219.1
Project("{2150E333-8FDC-42A3-9474-1A3956D46DE8}") = "src", "src", "{F4E808EF-01C4-49BE-83E4-2DE5DF5DBB8D}"
EndProject
Project("{2150E333-8FDC-42A3-9474-1A3956D46DE8}") = "BuildingBlocks", "BuildingBlocks", "{D25C9AAA-4256-43CA-B8CA-92824D787028}"
EndProject
Project("{9A19103F-16F7-4668-BE54-9A1E7A4F7556}") = "Kernel", "src\BuildingBlocks\Kernel\Kernel.csproj", "{58933801-F6B6-48C3-BE34-66110C230582}"
EndProject
Project("{2150E333-8FDC-42A3-9474-1A3956D46DE8}") = "Messaging", "Messaging", "{31DCDDCE-9E1B-4B5D-A7BB-7B99CAFB3A38}"
EndProject
Project("{9A19103F-16F7-4668-BE54-9A1E7A4F7556}") = "Messaging", "src\BuildingBlocks\Messaging\Messaging\Messaging.csproj", "{D71EF3BA-C235-4D3D-81AF-E6C1AEF3B5EE}"
EndProject
Project("{9A19103F-16F7-4668-BE54-9A1E7A4F7556}") = "Messaging.Udp", "src\BuildingBlocks\Messaging\Messaging.Udp\Messaging.Udp.csproj", "{49183400-965E-44A4-8916-3030E1B49C19}"
EndProject
Project("{2150E333-8FDC-42A3-9474-1A3956D46DE8}") = "Security", "Security", "{8D5D3CF9-9410-40B3-B876-DE95B44CECF5}"
EndProject
Project("{9A19103F-16F7-4668-BE54-9A1E7A4F7556}") = "Security", "src\BuildingBlocks\Security\Security\Security.csproj", "{00DAE96D-8185-4ADA-8099-F07C7638FA92}"
EndProject
Project("{2150E333-8FDC-42A3-9474-1A3956D46DE8}") = "Telemetry", "Telemetry", "{075B3490-8417-4472-B3F1-7F57EFE411A7}"
EndProject
Project("{9A19103F-16F7-4668-BE54-9A1E7A4F7556}") = "Telemetry", "src\BuildingBlocks\Telemetry\Telemetry\Telemetry.csproj", "{9C5087AC-17E1-4C1A-8F83-E31438E87728}"
EndProject
Project("{2150E333-8FDC-42A3-9474-1A3956D46DE8}") = "Validation", "Validation", "{C25B07B1-EB9D-4045-94C7-C9C4BB2A3D98}"
EndProject
Project("{9A19103F-16F7-4668-BE54-9A1E7A4F7556}") = "Validation", "src\BuildingBlocks\Validation\Validation\Validation.csproj", "{8151352F-13DC-4F98-AAFF-11C8F3F03092}"
EndProject
Project("{2150E333-8FDC-42A3-9474-1A3956D46DE8}") = "Services", "Services", "{56D28EEA-1EA6-4D53-9666-4706BCC8660F}"
EndProject
Project("{2150E333-8FDC-42A3-9474-1A3956D46DE8}") = "Commitments", "Commitments", "{603E0629-68B9-4E86-82EE-2AA038B680EC}"
EndProject
Project("{9A19103F-16F7-4668-BE54-9A1E7A4F7556}") = "Commitments.Api", "src\Services\Commitments\Commitments.Api\Commitments.Api.csproj", "{0C6F54B1-DC5D-4843-9425-4AF975AFC9C0}"
EndProject
Project("{9A19103F-16F7-4668-BE54-9A1E7A4F7556}") = "Commitments.Core", "src\Services\Commitments\Commitments.Core\Commitments.Core.csproj", "{EB119681-4B39-48C1-B2AB-8B9DB9CAE9C3}"
EndProject
Project("{9A19103F-16F7-4668-BE54-9A1E7A4F7556}") = "Commitments.Infrastructure", "src\Services\Commitments\Commitments.Infrastructure\Commitments.Infrastructure.csproj", "{44F1FCC9-B134-42C3-A24E-A3C711D7B771}"
EndProject
Project("{2150E333-8FDC-42A3-9474-1A3956D46DE8}") = "Identity", "Identity", "{7CCE328C-DAD6-4212-BD6D-98798522A5AB}"
EndProject
Project("{9A19103F-16F7-4668-BE54-9A1E7A4F7556}") = "IdentityService.Api", "src\Services\Identity\IdentityService.Api\IdentityService.Api.csproj", "{015C1A76-4C9E-408C-922F-C62E8C4D0836}"
EndProject
Project("{9A19103F-16F7-4668-BE54-9A1E7A4F7556}") = "IdentityService.Core", "src\Services\Identity\IdentityService.Core\IdentityService.Core.csproj", "{EE63D99F-041D-41AD-877F-082FCA6B2FB7}"
EndProject
Project("{9A19103F-16F7-4668-BE54-9A1E7A4F7556}") = "IdentityService.Infrastructure", "src\Services\Identity\IdentityService.Infrastructure\IdentityService.Infrastructure.csproj", "{9170F71B-39A0-4D57-82A0-6CCB242936AF}"
EndProject
Project("{2150E333-8FDC-42A3-9474-1A3956D46DE8}") = "Profile", "Profile", "{7FC1968E-B7F5-49E1-9B9E-1D60C8940F42}"
EndProject
Project("{9A19103F-16F7-4668-BE54-9A1E7A4F7556}") = "ProfileService.Api", "src\Services\Profile\ProfileService.Api\ProfileService.Api.csproj", "{C996E443-B39D-4F60-96AE-8B1BC3BB9527}"
EndProject
Project("{9A19103F-16F7-4668-BE54-9A1E7A4F7556}") = "ProfileService.Core", "src\Services\Profile\ProfileService.Core\ProfileService.Core.csproj", "{A4591949-5AA9-40F8-8F35-1DABDCC3B28F}"
EndProject
Project("{9A19103F-16F7-4668-BE54-9A1E7A4F7556}") = "ProfileService.Infrastructure", "src\Services\Profile\ProfileService.Infrastructure\ProfileService.Infrastructure.csproj", "{B26F4F4E-5C08-4F5C-8FE0-82CE39B62A2A}"
EndProject
Project("{2150E333-8FDC-42A3-9474-1A3956D46DE8}") = "DashboardService", "DashboardService", "{EF7BB891-DFCD-4364-AE85-4198A062CEAB}"
EndProject
Project("{9A19103F-16F7-4668-BE54-9A1E7A4F7556}") = "DashboardService.Api", "src\Services\DashboardService\DashboardService.Api\DashboardService.Api.csproj", "{458E48F7-3949-4810-A73C-1D4EA8A24D67}"
EndProject
Project("{9A19103F-16F7-4668-BE54-9A1E7A4F7556}") = "DashboardService.Core", "src\Services\DashboardService\DashboardService.Core\DashboardService.Core.csproj", "{2BC9C802-B671-4D9C-96BB-444690BDD0F0}"
EndProject
Project("{9A19103F-16F7-4668-BE54-9A1E7A4F7556}") = "DashboardService.Infrastructure", "src\Services\DashboardService\DashboardService.Infrastructure\DashboardService.Infrastructure.csproj", "{E94695B0-68D5-4B83-A2B4-2446BBE9E55E}"
EndProject
Project("{2150E333-8FDC-42A3-9474-1A3956D46DE8}") = "DigitalAssetService", "DigitalAssetService", "{B5B34FC5-3313-4AF6-8E87-65B504FCD707}"
EndProject
Project("{9A19103F-16F7-4668-BE54-9A1E7A4F7556}") = "DigitalAssetService.Api", "src\Services\DigitalAssetService\DigitalAssetService.Api\DigitalAssetService.Api.csproj", "{009246D7-1804-4CF5-BF03-6DCA0941D2AE}"
EndProject
Project("{9A19103F-16F7-4668-BE54-9A1E7A4F7556}") = "DigitalAssetService.Core", "src\Services\DigitalAssetService\DigitalAssetService.Core\DigitalAssetService.Core.csproj", "{C3E9EF28-2C73-4B22-9807-A8D642E8ABA1}"
EndProject
Project("{9A19103F-16F7-4668-BE54-9A1E7A4F7556}") = "DigitalAssetService.Infrastructure", "src\Services\DigitalAssetService\DigitalAssetService.Infrastructure\DigitalAssetService.Infrastructure.csproj", "{DF86E6EF-E9BF-428B-9D52-85CF40ADA83F}"
EndProject
Global
	GlobalSection(SolutionConfigurationPlatforms) = preSolution
		Debug|Any CPU = Debug|Any CPU
		Debug|x64 = Debug|x64
		Debug|x86 = Debug|x86
		Release|Any CPU = Release|Any CPU
		Release|x64 = Release|x64
		Release|x86 = Release|x86
	EndGlobalSection
	GlobalSection(ProjectConfigurationPlatforms) = postSolution
		{58933801-F6B6-48C3-BE34-66110C230582}.Debug|Any CPU.ActiveCfg = Debug|Any CPU
		{58933801-F6B6-48C3-BE34-66110C230582}.Debug|Any CPU.Build.0 = Debug|Any CPU
		{58933801-F6B6-48C3-BE34-66110C230582}.Debug|x64.ActiveCfg = Debug|Any CPU
		{58933801-F6B6-48C3-BE34-66110C230582}.Debug|x64.Build.0 = Debug|Any CPU
		{58933801-F6B6-48C3-BE34-66110C230582}.Debug|x86.ActiveCfg = Debug|Any CPU
		{58933801-F6B6-48C3-BE34-66110C230582}.Debug|x86.Build.0 = Debug|Any CPU
		{58933801-F6B6-48C3-BE34-66110C230582}.Release|Any CPU.ActiveCfg = Release|Any CPU
		{58933801-F6B6-48C3-BE34-66110C230582}.Release|Any CPU.Build.0 = Release|Any CPU
		{58933801-F6B6-48C3-BE34-66110C230582}.Release|x64.ActiveCfg = Release|Any CPU
		{58933801-F6B6-48C3-BE34-66110C230582}.Release|x64.Build.0 = Release|Any CPU
		{58933801-F6B6-48C3-BE34-66110C230582}.Release|x86.ActiveCfg = Release|Any CPU
		{58933801-F6B6-48C3-BE34-66110C230582}.Release|x86.Build.0 = Release|Any CPU
		{D71EF3BA-C235-4D3D-81AF-E6C1AEF3B5EE}.Debug|Any CPU.ActiveCfg = Debug|Any CPU
		{D71EF3BA-C235-4D3D-81AF-E6C1AEF3B5EE}.Debug|Any CPU.Build.0 = Debug|Any CPU
		{D71EF3BA-C235-4D3D-81AF-E6C1AEF3B5EE}.Debug|x64.ActiveCfg = Debug|Any CPU
		{D71EF3BA-C235-4D3D-81AF-E6C1AEF3B5EE}.Debug|x64.Build.0 = Debug|Any CPU
		{D71EF3BA-C235-4D3D-81AF-E6C1AEF3B5EE}.Debug|x86.ActiveCfg = Debug|Any CPU
		{D71EF3BA-C235-4D3D-81AF-E6C1AEF3B5EE}.Debug|x86.Build.0 = Debug|Any CPU
		{D71EF3BA-C235-4D3D-81AF-E6C1AEF3B5EE}.Release|Any CPU.ActiveCfg = Release|Any CPU
		{D71EF3BA-C235-4D3D-81AF-E6C1AEF3B5EE}.Release|Any CPU.Build.0 = Release|Any CPU
		{D71EF3BA-C235-4D3D-81AF-E6C1AEF3B5EE}.Release|x64.ActiveCfg = Release|Any CPU
		{D71EF3BA-C235-4D3D-81AF-E6C1AEF3B5EE}.Release|x64.Build.0 = Release|Any CPU
		{D71EF3BA-C235-4D3D-81AF-E6C1AEF3B5EE}.Release|x86.ActiveCfg = Release|Any CPU
		{D71EF3BA-C235-4D3D-81AF-E6C1AEF3B5EE}.Release|x86.Build.0 = Release|Any CPU
		{49183400-965E-44A4-8916-3030E1B49C19}.Debug|Any CPU.ActiveCfg = Debug|Any CPU
		{49183400-965E-44A4-8916-3030E1B49C19}.Debug|Any CPU.Build.0 = Debug|Any CPU
		{49183400-965E-44A4-8916-3030E1B49C19}.Debug|x64.ActiveCfg = Debug|Any CPU
		{49183400-965E-44A4-8916-3030E1B49C19}.Debug|x64.Build.0 = Debug|Any CPU
		{49183400-965E-44A4-8916-3030E1B49C19}.Debug|x86.ActiveCfg = Debug|Any CPU
		{49183400-965E-44A4-8916-3030E1B49C19}.Debug|x86.Build.0 = Debug|Any CPU
		{49183400-965E-44A4-8916-3030E1B49C19}.Release|Any CPU.ActiveCfg = Release|Any CPU
		{49183400-965E-44A4-8916-3030E1B49C19}.Release|Any CPU.Build.0 = Release|Any CPU
		{49183400-965E-44A4-8916-3030E1B49C19}.Release|x64.ActiveCfg = Release|Any CPU
		{49183400-965E-44A4-8916-3030E1B49C19}.Release|x64.Build.0 = Release|Any CPU
		{49183400-965E-44A4-8916-3030E1B49C19}.Release|x86.ActiveCfg = Release|Any CPU
		{49183400-965E-44A4-8916-3030E1B49C19}.Release|x86.Build.0 = Release|Any CPU
		{00DAE96D-8185-4ADA-8099-F07C7638FA92}.Debug|Any CPU.ActiveCfg = Debug|Any CPU
		{00DAE96D-8185-4ADA-8099-F07C7638FA92}.Debug|Any CPU.Build.0 = Debug|Any CPU
		{00DAE96D-8185-4ADA-8099-F07C7638FA92}.Debug|x64.ActiveCfg = Debug|Any CPU
		{00DAE96D-8185-4ADA-8099-F07C7638FA92}.Debug|x64.Build.0 = Debug|Any CPU
		{00DAE96D-8185-4ADA-8099-F07C7638FA92}.Debug|x86.ActiveCfg = Debug|Any CPU
		{00DAE96D-8185-4ADA-8099-F07C7638FA92}.Debug|x86.Build.0 = Debug|Any CPU
		{00DAE96D-8185-4ADA-8099-F07C7638FA92}.Release|Any CPU.ActiveCfg = Release|Any CPU
		{00DAE96D-8185-4ADA-8099-F07C7638FA92}.Release|Any CPU.Build.0 = Release|Any CPU
		{00DAE96D-8185-4ADA-8099-F07C7638FA92}.Release|x64.ActiveCfg = Release|Any CPU
		{00DAE96D-8185-4ADA-8099-F07C7638FA92}.Release|x64.Build.0 = Release|Any CPU
		{00DAE96D-8185-4ADA-8099-F07C7638FA92}.Release|x86.ActiveCfg = Release|Any CPU
		{00DAE96D-8185-4ADA-8099-F07C7638FA92}.Release|x86.Build.0 = Release|Any CPU
		{9C5087AC-17E1-4C1A-8F83-E31438E87728}.Debug|Any CPU.ActiveCfg = Debug|Any CPU
		{9C5087AC-17E1-4C1A-8F83-E31438E87728}.Debug|Any CPU.Build.0 = Debug|Any CPU
		{9C5087AC-17E1-4C1A-8F83-E31438E87728}.Debug|x64.ActiveCfg = Debug|Any CPU
		{9C5087AC-17E1-4C1A-8F83-E31438E87728}.Debug|x64.Build.0 = Debug|Any CPU
		{9C5087AC-17E1-4C1A-8F83-E31438E87728}.Debug|x86.ActiveCfg = Debug|Any CPU
		{9C5087AC-17E1-4C1A-8F83-E31438E87728}.Debug|x86.Build.0 = Debug|Any CPU
		{9C5087AC-17E1-4C1A-8F83-E31438E87728}.Release|Any CPU.ActiveCfg = Release|Any CPU
		{9C5087AC-17E1-4C1A-8F83-E31438E87728}.Release|Any CPU.Build.0 = Release|Any CPU
		{9C5087AC-17E1-4C1A-8F83-E31438E87728}.Release|x64.ActiveCfg = Release|Any CPU
		{9C5087AC-17E1-4C1A-8F83-E31438E87728}.Release|x64.Build.0 = Release|Any CPU
		{9C5087AC-17E1-4C1A-8F83-E31438E87728}.Release|x86.ActiveCfg = Release|Any CPU
		{9C5087AC-17E1-4C1A-8F83-E31438E87728}.Release|x86.Build.0 = Release|Any CPU
		{8151352F-13DC-4F98-AAFF-11C8F3F03092}.Debug|Any CPU.ActiveCfg = Debug|Any CPU
		{8151352F-13DC-4F98-AAFF-11C8F3F03092}.Debug|Any CPU.Build.0 = Debug|Any CPU
		{8151352F-13DC-4F98-AAFF-11C8F3F03092}.Debug|x64.ActiveCfg = Debug|Any CPU
		{8151352F-13DC-4F98-AAFF-11C8F3F03092}.Debug|x64.Build.0 = Debug|Any CPU
		{8151352F-13DC-4F98-AAFF-11C8F3F03092}.Debug|x86.ActiveCfg = Debug|Any CPU
		{8151352F-13DC-4F98-AAFF-11C8F3F03092}.Debug|x86.Build.0 = Debug|Any CPU
		{8151352F-13DC-4F98-AAFF-11C8F3F03092}.Release|Any CPU.ActiveCfg = Release|Any CPU
		{8151352F-13DC-4F98-AAFF-11C8F3F03092}.Release|Any CPU.Build.0 = Release|Any CPU
		{8151352F-13DC-4F98-AAFF-11C8F3F03092}.Release|x64.ActiveCfg = Release|Any CPU
		{8151352F-13DC-4F98-AAFF-11C8F3F03092}.Release|x64.Build.0 = Release|Any CPU
		{8151352F-13DC-4F98-AAFF-11C8F3F03092}.Release|x86.ActiveCfg = Release|Any CPU
		{8151352F-13DC-4F98-AAFF-11C8F3F03092}.Release|x86.Build.0 = Release|Any CPU
		{0C6F54B1-DC5D-4843-9425-4AF975AFC9C0}.Debug|Any CPU.ActiveCfg = Debug|Any CPU
		{0C6F54B1-DC5D-4843-9425-4AF975AFC9C0}.Debug|Any CPU.Build.0 = Debug|Any CPU
		{0C6F54B1-DC5D-4843-9425-4AF975AFC9C0}.Debug|x64.ActiveCfg = Debug|Any CPU
		{0C6F54B1-DC5D-4843-9425-4AF975AFC9C0}.Debug|x64.Build.0 = Debug|Any CPU
		{0C6F54B1-DC5D-4843-9425-4AF975AFC9C0}.Debug|x86.ActiveCfg = Debug|Any CPU
		{0C6F54B1-DC5D-4843-9425-4AF975AFC9C0}.Debug|x86.Build.0 = Debug|Any CPU
		{0C6F54B1-DC5D-4843-9425-4AF975AFC9C0}.Release|Any CPU.ActiveCfg = Release|Any CPU
		{0C6F54B1-DC5D-4843-9425-4AF975AFC9C0}.Release|Any CPU.Build.0 = Release|Any CPU
		{0C6F54B1-DC5D-4843-9425-4AF975AFC9C0}.Release|x64.ActiveCfg = Release|Any CPU
		{0C6F54B1-DC5D-4843-9425-4AF975AFC9C0}.Release|x64.Build.0 = Release|Any CPU
		{0C6F54B1-DC5D-4843-9425-4AF975AFC9C0}.Release|x86.ActiveCfg = Release|Any CPU
		{0C6F54B1-DC5D-4843-9425-4AF975AFC9C0}.Release|x86.Build.0 = Release|Any CPU
		{EB119681-4B39-48C1-B2AB-8B9DB9CAE9C3}.Debug|Any CPU.ActiveCfg = Debug|Any CPU
		{EB119681-4B39-48C1-B2AB-8B9DB9CAE9C3}.Debug|Any CPU.Build.0 = Debug|Any CPU
		{EB119681-4B39-48C1-B2AB-8B9DB9CAE9C3}.Debug|x64.ActiveCfg = Debug|Any CPU
		{EB119681-4B39-48C1-B2AB-8B9DB9CAE9C3}.Debug|x64.Build.0 = Debug|Any CPU
		{EB119681-4B39-48C1-B2AB-8B9DB9CAE9C3}.Debug|x86.ActiveCfg = Debug|Any CPU
		{EB119681-4B39-48C1-B2AB-8B9DB9CAE9C3}.Debug|x86.Build.0 = Debug|Any CPU
		{EB119681-4B39-48C1-B2AB-8B9DB9CAE9C3}.Release|Any CPU.ActiveCfg = Release|Any CPU
		{EB119681-4B39-48C1-B2AB-8B9DB9CAE9C3}.Release|Any CPU.Build.0 = Release|Any CPU
		{EB119681-4B39-48C1-B2AB-8B9DB9CAE9C3}.Release|x64.ActiveCfg = Release|Any CPU
		{EB119681-4B39-48C1-B2AB-8B9DB9CAE9C3}.Release|x64.Build.0 = Release|Any CPU
		{EB119681-4B39-48C1-B2AB-8B9DB9CAE9C3}.Release|x86.ActiveCfg = Release|Any CPU
		{EB119681-4B39-48C1-B2AB-8B9DB9CAE9C3}.Release|x86.Build.0 = Release|Any CPU
		{44F1FCC9-B134-42C3-A24E-A3C711D7B771}.Debug|Any CPU.ActiveCfg = Debug|Any CPU
		{44F1FCC9-B134-42C3-A24E-A3C711D7B771}.Debug|Any CPU.Build.0 = Debug|Any CPU
		{44F1FCC9-B134-42C3-A24E-A3C711D7B771}.Debug|x64.ActiveCfg = Debug|Any CPU
		{44F1FCC9-B134-42C3-A24E-A3C711D7B771}.Debug|x64.Build.0 = Debug|Any CPU
		{44F1FCC9-B134-42C3-A24E-A3C711D7B771}.Debug|x86.ActiveCfg = Debug|Any CPU
		{44F1FCC9-B134-42C3-A24E-A3C711D7B771}.Debug|x86.Build.0 = Debug|Any CPU
		{44F1FCC9-B134-42C3-A24E-A3C711D7B771}.Release|Any CPU.ActiveCfg = Release|Any CPU
		{44F1FCC9-B134-42C3-A24E-A3C711D7B771}.Release|Any CPU.Build.0 = Release|Any CPU
		{44F1FCC9-B134-42C3-A24E-A3C711D7B771}.Release|x64.ActiveCfg = Release|Any CPU
		{44F1FCC9-B134-42C3-A24E-A3C711D7B771}.Release|x64.Build.0 = Release|Any CPU
		{44F1FCC9-B134-42C3-A24E-A3C711D7B771}.Release|x86.ActiveCfg = Release|Any CPU
		{44F1FCC9-B134-42C3-A24E-A3C711D7B771}.Release|x86.Build.0 = Release|Any CPU
		{015C1A76-4C9E-408C-922F-C62E8C4D0836}.Debug|Any CPU.ActiveCfg = Debug|Any CPU
		{015C1A76-4C9E-408C-922F-C62E8C4D0836}.Debug|Any CPU.Build.0 = Debug|Any CPU
		{015C1A76-4C9E-408C-922F-C62E8C4D0836}.Debug|x64.ActiveCfg = Debug|Any CPU
		{015C1A76-4C9E-408C-922F-C62E8C4D0836}.Debug|x64.Build.0 = Debug|Any CPU
		{015C1A76-4C9E-408C-922F-C62E8C4D0836}.Debug|x86.ActiveCfg = Debug|Any CPU
		{015C1A76-4C9E-408C-922F-C62E8C4D0836}.Debug|x86.Build.0 = Debug|Any CPU
		{015C1A76-4C9E-408C-922F-C62E8C4D0836}.Release|Any CPU.ActiveCfg = Release|Any CPU
		{015C1A76-4C9E-408C-922F-C62E8C4D0836}.Release|Any CPU.Build.0 = Release|Any CPU
		{015C1A76-4C9E-408C-922F-C62E8C4D0836}.Release|x64.ActiveCfg = Release|Any CPU
		{015C1A76-4C9E-408C-922F-C62E8C4D0836}.Release|x64.Build.0 = Release|Any CPU
		{015C1A76-4C9E-408C-922F-C62E8C4D0836}.Release|x86.ActiveCfg = Release|Any CPU
		{015C1A76-4C9E-408C-922F-C62E8C4D0836}.Release|x86.Build.0 = Release|Any CPU
		{EE63D99F-041D-41AD-877F-082FCA6B2FB7}.Debug|Any CPU.ActiveCfg = Debug|Any CPU
		{EE63D99F-041D-41AD-877F-082FCA6B2FB7}.Debug|Any CPU.Build.0 = Debug|Any CPU
		{EE63D99F-041D-41AD-877F-082FCA6B2FB7}.Debug|x64.ActiveCfg = Debug|Any CPU
		{EE63D99F-041D-41AD-877F-082FCA6B2FB7}.Debug|x64.Build.0 = Debug|Any CPU
		{EE63D99F-041D-41AD-877F-082FCA6B2FB7}.Debug|x86.ActiveCfg = Debug|Any CPU
		{EE63D99F-041D-41AD-877F-082FCA6B2FB7}.Debug|x86.Build.0 = Debug|Any CPU
		{EE63D99F-041D-41AD-877F-082FCA6B2FB7}.Release|Any CPU.ActiveCfg = Release|Any CPU
		{EE63D99F-041D-41AD-877F-082FCA6B2FB7}.Release|Any CPU.Build.0 = Release|Any CPU
		{EE63D99F-041D-41AD-877F-082FCA6B2FB7}.Release|x64.ActiveCfg = Release|Any CPU
		{EE63D99F-041D-41AD-877F-082FCA6B2FB7}.Release|x64.Build.0 = Release|Any CPU
		{EE63D99F-041D-41AD-877F-082FCA6B2FB7}.Release|x86.ActiveCfg = Release|Any CPU
		{EE63D99F-041D-41AD-877F-082FCA6B2FB7}.Release|x86.Build.0 = Release|Any CPU
		{9170F71B-39A0-4D57-82A0-6CCB242936AF}.Debug|Any CPU.ActiveCfg = Debug|Any CPU
		{9170F71B-39A0-4D57-82A0-6CCB242936AF}.Debug|Any CPU.Build.0 = Debug|Any CPU
		{9170F71B-39A0-4D57-82A0-6CCB242936AF}.Debug|x64.ActiveCfg = Debug|Any CPU
		{9170F71B-39A0-4D57-82A0-6CCB242936AF}.Debug|x64.Build.0 = Debug|Any CPU
		{9170F71B-39A0-4D57-82A0-6CCB242936AF}.Debug|x86.ActiveCfg = Debug|Any CPU
		{9170F71B-39A0-4D57-82A0-6CCB242936AF}.Debug|x86.Build.0 = Debug|Any CPU
		{9170F71B-39A0-4D57-82A0-6CCB242936AF}.Release|Any CPU.ActiveCfg = Release|Any CPU
		{9170F71B-39A0-4D57-82A0-6CCB242936AF}.Release|Any CPU.Build.0 = Release|Any CPU
		{9170F71B-39A0-4D57-82A0-6CCB242936AF}.Release|x64.ActiveCfg = Release|Any CPU
		{9170F71B-39A0-4D57-82A0-6CCB242936AF}.Release|x64.Build.0 = Release|Any CPU
		{9170F71B-39A0-4D57-82A0-6CCB242936AF}.Release|x86.ActiveCfg = Release|Any CPU
		{9170F71B-39A0-4D57-82A0-6CCB242936AF}.Release|x86.Build.0 = Release|Any CPU
		{C996E443-B39D-4F60-96AE-8B1BC3BB9527}.Debug|Any CPU.ActiveCfg = Debug|Any CPU
		{C996E443-B39D-4F60-96AE-8B1BC3BB9527}.Debug|Any CPU.Build.0 = Debug|Any CPU
		{C996E443-B39D-4F60-96AE-8B1BC3BB9527}.Debug|x64.ActiveCfg = Debug|Any CPU
		{C996E443-B39D-4F60-96AE-8B1BC3BB9527}.Debug|x64.Build.0 = Debug|Any CPU
		{C996E443-B39D-4F60-96AE-8B1BC3BB9527}.Debug|x86.ActiveCfg = Debug|Any CPU
		{C996E443-B39D-4F60-96AE-8B1BC3BB9527}.Debug|x86.Build.0 = Debug|Any CPU
		{C996E443-B39D-4F60-96AE-8B1BC3BB9527}.Release|Any CPU.ActiveCfg = Release|Any CPU
		{C996E443-B39D-4F60-96AE-8B1BC3BB9527}.Release|Any CPU.Build.0 = Release|Any CPU
		{C996E443-B39D-4F60-96AE-8B1BC3BB9527}.Release|x64.ActiveCfg = Release|Any CPU
		{C996E443-B39D-4F60-96AE-8B1BC3BB9527}.Release|x64.Build.0 = Release|Any CPU
		{C996E443-B39D-4F60-96AE-8B1BC3BB9527}.Release|x86.ActiveCfg = Release|Any CPU
		{C996E443-B39D-4F60-96AE-8B1BC3BB9527}.Release|x86.Build.0 = Release|Any CPU
		{A4591949-5AA9-40F8-8F35-1DABDCC3B28F}.Debug|Any CPU.ActiveCfg = Debug|Any CPU
		{A4591949-5AA9-40F8-8F35-1DABDCC3B28F}.Debug|Any CPU.Build.0 = Debug|Any CPU
		{A4591949-5AA9-40F8-8F35-1DABDCC3B28F}.Debug|x64.ActiveCfg = Debug|Any CPU
		{A4591949-5AA9-40F8-8F35-1DABDCC3B28F}.Debug|x64.Build.0 = Debug|Any CPU
		{A4591949-5AA9-40F8-8F35-1DABDCC3B28F}.Debug|x86.ActiveCfg = Debug|Any CPU
		{A4591949-5AA9-40F8-8F35-1DABDCC3B28F}.Debug|x86.Build.0 = Debug|Any CPU
		{A4591949-5AA9-40F8-8F35-1DABDCC3B28F}.Release|Any CPU.ActiveCfg = Release|Any CPU
		{A4591949-5AA9-40F8-8F35-1DABDCC3B28F}.Release|Any CPU.Build.0 = Release|Any CPU
		{A4591949-5AA9-40F8-8F35-1DABDCC3B28F}.Release|x64.ActiveCfg = Release|Any CPU
		{A4591949-5AA9-40F8-8F35-1DABDCC3B28F}.Release|x64.Build.0 = Release|Any CPU
		{A4591949-5AA9-40F8-8F35-1DABDCC3B28F}.Release|x86.ActiveCfg = Release|Any CPU
		{A4591949-5AA9-40F8-8F35-1DABDCC3B28F}.Release|x86.Build.0 = Release|Any CPU
		{B26F4F4E-5C08-4F5C-8FE0-82CE39B62A2A}.Debug|Any CPU.ActiveCfg = Debug|Any CPU
		{B26F4F4E-5C08-4F5C-8FE0-82CE39B62A2A}.Debug|Any CPU.Build.0 = Debug|Any CPU
		{B26F4F4E-5C08-4F5C-8FE0-82CE39B62A2A}.Debug|x64.ActiveCfg = Debug|Any CPU
		{B26F4F4E-5C08-4F5C-8FE0-82CE39B62A2A}.Debug|x64.Build.0 = Debug|Any CPU
		{B26F4F4E-5C08-4F5C-8FE0-82CE39B62A2A}.Debug|x86.ActiveCfg = Debug|Any CPU
		{B26F4F4E-5C08-4F5C-8FE0-82CE39B62A2A}.Debug|x86.Build.0 = Debug|Any CPU
		{B26F4F4E-5C08-4F5C-8FE0-82CE39B62A2A}.Release|Any CPU.ActiveCfg = Release|Any CPU
		{B26F4F4E-5C08-4F5C-8FE0-82CE39B62A2A}.Release|Any CPU.Build.0 = Release|Any CPU
		{B26F4F4E-5C08-4F5C-8FE0-82CE39B62A2A}.Release|x64.ActiveCfg = Release|Any CPU
		{B26F4F4E-5C08-4F5C-8FE0-82CE39B62A2A}.Release|x64.Build.0 = Release|Any CPU
		{B26F4F4E-5C08-4F5C-8FE0-82CE39B62A2A}.Release|x86.ActiveCfg = Release|Any CPU
		{B26F4F4E-5C08-4F5C-8FE0-82CE39B62A2A}.Release|x86.Build.0 = Release|Any CPU
		{458E48F7-3949-4810-A73C-1D4EA8A24D67}.Debug|Any CPU.ActiveCfg = Debug|Any CPU
		{458E48F7-3949-4810-A73C-1D4EA8A24D67}.Debug|Any CPU.Build.0 = Debug|Any CPU
		{458E48F7-3949-4810-A73C-1D4EA8A24D67}.Debug|x64.ActiveCfg = Debug|Any CPU
		{458E48F7-3949-4810-A73C-1D4EA8A24D67}.Debug|x64.Build.0 = Debug|Any CPU
		{458E48F7-3949-4810-A73C-1D4EA8A24D67}.Debug|x86.ActiveCfg = Debug|Any CPU
		{458E48F7-3949-4810-A73C-1D4EA8A24D67}.Debug|x86.Build.0 = Debug|Any CPU
		{458E48F7-3949-4810-A73C-1D4EA8A24D67}.Release|Any CPU.ActiveCfg = Release|Any CPU
		{458E48F7-3949-4810-A73C-1D4EA8A24D67}.Release|Any CPU.Build.0 = Release|Any CPU
		{458E48F7-3949-4810-A73C-1D4EA8A24D67}.Release|x64.ActiveCfg = Release|Any CPU
		{458E48F7-3949-4810-A73C-1D4EA8A24D67}.Release|x64.Build.0 = Release|Any CPU
		{458E48F7-3949-4810-A73C-1D4EA8A24D67}.Release|x86.ActiveCfg = Release|Any CPU
		{458E48F7-3949-4810-A73C-1D4EA8A24D67}.Release|x86.Build.0 = Release|Any CPU
		{2BC9C802-B671-4D9C-96BB-444690BDD0F0}.Debug|Any CPU.ActiveCfg = Debug|Any CPU
		{2BC9C802-B671-4D9C-96BB-444690BDD0F0}.Debug|Any CPU.Build.0 = Debug|Any CPU
		{2BC9C802-B671-4D9C-96BB-444690BDD0F0}.Debug|x64.ActiveCfg = Debug|Any CPU
		{2BC9C802-B671-4D9C-96BB-444690BDD0F0}.Debug|x64.Build.0 = Debug|Any CPU
		{2BC9C802-B671-4D9C-96BB-444690BDD0F0}.Debug|x86.ActiveCfg = Debug|Any CPU
		{2BC9C802-B671-4D9C-96BB-444690BDD0F0}.Debug|x86.Build.0 = Debug|Any CPU
		{2BC9C802-B671-4D9C-96BB-444690BDD0F0}.Release|Any CPU.ActiveCfg = Release|Any CPU
		{2BC9C802-B671-4D9C-96BB-444690BDD0F0}.Release|Any CPU.Build.0 = Release|Any CPU
		{2BC9C802-B671-4D9C-96BB-444690BDD0F0}.Release|x64.ActiveCfg = Release|Any CPU
		{2BC9C802-B671-4D9C-96BB-444690BDD0F0}.Release|x64.Build.0 = Release|Any CPU
		{2BC9C802-B671-4D9C-96BB-444690BDD0F0}.Release|x86.ActiveCfg = Release|Any CPU
		{2BC9C802-B671-4D9C-96BB-444690BDD0F0}.Release|x86.Build.0 = Release|Any CPU
		{E94695B0-68D5-4B83-A2B4-2446BBE9E55E}.Debug|Any CPU.ActiveCfg = Debug|Any CPU
		{E94695B0-68D5-4B83-A2B4-2446BBE9E55E}.Debug|Any CPU.Build.0 = Debug|Any CPU
		{E94695B0-68D5-4B83-A2B4-2446BBE9E55E}.Debug|x64.ActiveCfg = Debug|Any CPU
		{E94695B0-68D5-4B83-A2B4-2446BBE9E55E}.Debug|x64.Build.0 = Debug|Any CPU
		{E94695B0-68D5-4B83-A2B4-2446BBE9E55E}.Debug|x86.ActiveCfg = Debug|Any CPU
		{E94695B0-68D5-4B83-A2B4-2446BBE9E55E}.Debug|x86.Build.0 = Debug|Any CPU
		{E94695B0-68D5-4B83-A2B4-2446BBE9E55E}.Release|Any CPU.ActiveCfg = Release|Any CPU
		{E94695B0-68D5-4B83-A2B4-2446BBE9E55E}.Release|Any CPU.Build.0 = Release|Any CPU
		{E94695B0-68D5-4B83-A2B4-2446BBE9E55E}.Release|x64.ActiveCfg = Release|Any CPU
		{E94695B0-68D5-4B83-A2B4-2446BBE9E55E}.Release|x64.Build.0 = Release|Any CPU
		{E94695B0-68D5-4B83-A2B4-2446BBE9E55E}.Release|x86.ActiveCfg = Release|Any CPU
		{E94695B0-68D5-4B83-A2B4-2446BBE9E55E}.Release|x86.Build.0 = Release|Any CPU
		{009246D7-1804-4CF5-BF03-6DCA0941D2AE}.Debug|Any CPU.ActiveCfg = Debug|Any CPU
		{009246D7-1804-4CF5-BF03-6DCA0941D2AE}.Debug|Any CPU.Build.0 = Debug|Any CPU
		{009246D7-1804-4CF5-BF03-6DCA0941D2AE}.Debug|x64.ActiveCfg = Debug|Any CPU
		{009246D7-1804-4CF5-BF03-6DCA0941D2AE}.Debug|x64.Build.0 = Debug|Any CPU
		{009246D7-1804-4CF5-BF03-6DCA0941D2AE}.Debug|x86.ActiveCfg = Debug|Any CPU
		{009246D7-1804-4CF5-BF03-6DCA0941D2AE}.Debug|x86.Build.0 = Debug|Any CPU
		{009246D7-1804-4CF5-BF03-6DCA0941D2AE}.Release|Any CPU.ActiveCfg = Release|Any CPU
		{009246D7-1804-4CF5-BF03-6DCA0941D2AE}.Release|Any CPU.Build.0 = Release|Any CPU
		{009246D7-1804-4CF5-BF03-6DCA0941D2AE}.Release|x64.ActiveCfg = Release|Any CPU
		{009246D7-1804-4CF5-BF03-6DCA0941D2AE}.Release|x64.Build.0 = Release|Any CPU
		{009246D7-1804-4CF5-BF03-6DCA0941D2AE}.Release|x86.ActiveCfg = Release|Any CPU
		{009246D7-1804-4CF5-BF03-6DCA0941D2AE}.Release|x86.Build.0 = Release|Any CPU
		{C3E9EF28-2C73-4B22-9807-A8D642E8ABA1}.Debug|Any CPU.ActiveCfg = Debug|Any CPU
		{C3E9EF28-2C73-4B22-9807-A8D642E8ABA1}.Debug|Any CPU.Build.0 = Debug|Any CPU
		{C3E9EF28-2C73-4B22-9807-A8D642E8ABA1}.Debug|x64.ActiveCfg = Debug|Any CPU
		{C3E9EF28-2C73-4B22-9807-A8D642E8ABA1}.Debug|x64.Build.0 = Debug|Any CPU
		{C3E9EF28-2C73-4B22-9807-A8D642E8ABA1}.Debug|x86.ActiveCfg = Debug|Any CPU
		{C3E9EF28-2C73-4B22-9807-A8D642E8ABA1}.Debug|x86.Build.0 = Debug|Any CPU
		{C3E9EF28-2C73-4B22-9807-A8D642E8ABA1}.Release|Any CPU.ActiveCfg = Release|Any CPU
		{C3E9EF28-2C73-4B22-9807-A8D642E8ABA1}.Release|Any CPU.Build.0 = Release|Any CPU
		{C3E9EF28-2C73-4B22-9807-A8D642E8ABA1}.Release|x64.ActiveCfg = Release|Any CPU
		{C3E9EF28-2C73-4B22-9807-A8D642E8ABA1}.Release|x64.Build.0 = Release|Any CPU
		{C3E9EF28-2C73-4B22-9807-A8D642E8ABA1}.Release|x86.ActiveCfg = Release|Any CPU
		{C3E9EF28-2C73-4B22-9807-A8D642E8ABA1}.Release|x86.Build.0 = Release|Any CPU
		{DF86E6EF-E9BF-428B-9D52-85CF40ADA83F}.Debug|Any CPU.ActiveCfg = Debug|Any CPU
		{DF86E6EF-E9BF-428B-9D52-85CF40ADA83F}.Debug|Any CPU.Build.0 = Debug|Any CPU
		{DF86E6EF-E9BF-428B-9D52-85CF40ADA83F}.Debug|x64.ActiveCfg = Debug|Any CPU
		{DF86E6EF-E9BF-428B-9D52-85CF40ADA83F}.Debug|x64.Build.0 = Debug|Any CPU
		{DF86E6EF-E9BF-428B-9D52-85CF40ADA83F}.Debug|x86.ActiveCfg = Debug|Any CPU
		{DF86E6EF-E9BF-428B-9D52-85CF40ADA83F}.Debug|x86.Build.0 = Debug|Any CPU
		{DF86E6EF-E9BF-428B-9D52-85CF40ADA83F}.Release|Any CPU.ActiveCfg = Release|Any CPU
		{DF86E6EF-E9BF-428B-9D52-85CF40ADA83F}.Release|Any CPU.Build.0 = Release|Any CPU
		{DF86E6EF-E9BF-428B-9D52-85CF40ADA83F}.Release|x64.ActiveCfg = Release|Any CPU
		{DF86E6EF-E9BF-428B-9D52-85CF40ADA83F}.Release|x64.Build.0 = Release|Any CPU
		{DF86E6EF-E9BF-428B-9D52-85CF40ADA83F}.Release|x86.ActiveCfg = Release|Any CPU
		{DF86E6EF-E9BF-428B-9D52-85CF40ADA83F}.Release|x86.Build.0 = Release|Any CPU
	EndGlobalSection
	GlobalSection(SolutionProperties) = preSolution
		HideSolutionNode = FALSE
	EndGlobalSection
	GlobalSection(NestedProjects) = preSolution
		{D25C9AAA-4256-43CA-B8CA-92824D787028} = {F4E808EF-01C4-49BE-83E4-2DE5DF5DBB8D}
		{58933801-F6B6-48C3-BE34-66110C230582} = {D25C9AAA-4256-43CA-B8CA-92824D787028}
		{31DCDDCE-9E1B-4B5D-A7BB-7B99CAFB3A38} = {D25C9AAA-4256-43CA-B8CA-92824D787028}
		{D71EF3BA-C235-4D3D-81AF-E6C1AEF3B5EE} = {31DCDDCE-9E1B-4B5D-A7BB-7B99CAFB3A38}
		{49183400-965E-44A4-8916-3030E1B49C19} = {31DCDDCE-9E1B-4B5D-A7BB-7B99CAFB3A38}
		{8D5D3CF9-9410-40B3-B876-DE95B44CECF5} = {D25C9AAA-4256-43CA-B8CA-92824D787028}
		{00DAE96D-8185-4ADA-8099-F07C7638FA92} = {8D5D3CF9-9410-40B3-B876-DE95B44CECF5}
		{075B3490-8417-4472-B3F1-7F57EFE411A7} = {D25C9AAA-4256-43CA-B8CA-92824D787028}
		{9C5087AC-17E1-4C1A-8F83-E31438E87728} = {075B3490-8417-4472-B3F1-7F57EFE411A7}
		{C25B07B1-EB9D-4045-94C7-C9C4BB2A3D98} = {D25C9AAA-4256-43CA-B8CA-92824D787028}
		{8151352F-13DC-4F98-AAFF-11C8F3F03092} = {C25B07B1-EB9D-4045-94C7-C9C4BB2A3D98}
		{56D28EEA-1EA6-4D53-9666-4706BCC8660F} = {F4E808EF-01C4-49BE-83E4-2DE5DF5DBB8D}
		{603E0629-68B9-4E86-82EE-2AA038B680EC} = {56D28EEA-1EA6-4D53-9666-4706BCC8660F}
		{0C6F54B1-DC5D-4843-9425-4AF975AFC9C0} = {603E0629-68B9-4E86-82EE-2AA038B680EC}
		{EB119681-4B39-48C1-B2AB-8B9DB9CAE9C3} = {603E0629-68B9-4E86-82EE-2AA038B680EC}
		{44F1FCC9-B134-42C3-A24E-A3C711D7B771} = {603E0629-68B9-4E86-82EE-2AA038B680EC}
		{7CCE328C-DAD6-4212-BD6D-98798522A5AB} = {56D28EEA-1EA6-4D53-9666-4706BCC8660F}
		{015C1A76-4C9E-408C-922F-C62E8C4D0836} = {7CCE328C-DAD6-4212-BD6D-98798522A5AB}
		{EE63D99F-041D-41AD-877F-082FCA6B2FB7} = {7CCE328C-DAD6-4212-BD6D-98798522A5AB}
		{9170F71B-39A0-4D57-82A0-6CCB242936AF} = {7CCE328C-DAD6-4212-BD6D-98798522A5AB}
		{7FC1968E-B7F5-49E1-9B9E-1D60C8940F42} = {56D28EEA-1EA6-4D53-9666-4706BCC8660F}
		{C996E443-B39D-4F60-96AE-8B1BC3BB9527} = {7FC1968E-B7F5-49E1-9B9E-1D60C8940F42}
		{A4591949-5AA9-40F8-8F35-1DABDCC3B28F} = {7FC1968E-B7F5-49E1-9B9E-1D60C8940F42}
		{B26F4F4E-5C08-4F5C-8FE0-82CE39B62A2A} = {7FC1968E-B7F5-49E1-9B9E-1D60C8940F42}
		{EF7BB891-DFCD-4364-AE85-4198A062CEAB} = {56D28EEA-1EA6-4D53-9666-4706BCC8660F}
		{458E48F7-3949-4810-A73C-1D4EA8A24D67} = {EF7BB891-DFCD-4364-AE85-4198A062CEAB}
		{2BC9C802-B671-4D9C-96BB-444690BDD0F0} = {EF7BB891-DFCD-4364-AE85-4198A062CEAB}
		{E94695B0-68D5-4B83-A2B4-2446BBE9E55E} = {EF7BB891-DFCD-4364-AE85-4198A062CEAB}
		{B5B34FC5-3313-4AF6-8E87-65B504FCD707} = {56D28EEA-1EA6-4D53-9666-4706BCC8660F}
		{009246D7-1804-4CF5-BF03-6DCA0941D2AE} = {B5B34FC5-3313-4AF6-8E87-65B504FCD707}
		{C3E9EF28-2C73-4B22-9807-A8D642E8ABA1} = {B5B34FC5-3313-4AF6-8E87-65B504FCD707}
		{DF86E6EF-E9BF-428B-9D52-85CF40ADA83F} = {B5B34FC5-3313-4AF6-8E87-65B504FCD707}
	EndGlobalSection
	GlobalSection(ExtensibilityGlobals) = postSolution
		SolutionGuid = {D80DB4B0-7BFE-4AF3-B499-EC4FEFAC34C2}
	EndGlobalSection
EndGlobal
